// !$*UTF8*$!
{
	archiveVersion = 1;
	classes = {
	};
	objectVersion = 46;
	objects = {

/* Begin PBXBuildFile section */
		2D7B8E1C06174C9D62DBB90D /* libPods-New Video Chat Project.a in Frameworks */ = {isa = PBXBuildFile; fileRef = 8107CD358192AB5726B1A79D /* libPods-New Video Chat Project.a */; };
		FD07AA1B1BE174E3005EB685 /* ProfileSettingsViewController.m in Sources */ = {isa = PBXBuildFile; fileRef = FD07AA1A1BE174E3005EB685 /* ProfileSettingsViewController.m */; settings = {ASSET_TAGS = (); }; };
		FD0D18801BF1362A0034FDC1 /* pop-ios-Info.plist in Resources */ = {isa = PBXBuildFile; fileRef = FD0D184A1BF1362A0034FDC1 /* pop-ios-Info.plist */; settings = {ASSET_TAGS = (); }; };
		FD0D18811BF1362A0034FDC1 /* pop-osx-Info.plist in Resources */ = {isa = PBXBuildFile; fileRef = FD0D184B1BF1362A0034FDC1 /* pop-osx-Info.plist */; settings = {ASSET_TAGS = (); }; };
		FD0D18821BF1362A0034FDC1 /* POPAnimatableProperty.mm in Sources */ = {isa = PBXBuildFile; fileRef = FD0D184F1BF1362A0034FDC1 /* POPAnimatableProperty.mm */; settings = {ASSET_TAGS = (); }; };
		FD0D18831BF1362A0034FDC1 /* POPAnimation.mm in Sources */ = {isa = PBXBuildFile; fileRef = FD0D18511BF1362A0034FDC1 /* POPAnimation.mm */; settings = {ASSET_TAGS = (); }; };
		FD0D18841BF1362A0034FDC1 /* POPAnimationEvent.mm in Sources */ = {isa = PBXBuildFile; fileRef = FD0D18531BF1362A0034FDC1 /* POPAnimationEvent.mm */; settings = {ASSET_TAGS = (); }; };
		FD0D18851BF1362A0034FDC1 /* POPAnimationExtras.mm in Sources */ = {isa = PBXBuildFile; fileRef = FD0D18561BF1362A0034FDC1 /* POPAnimationExtras.mm */; settings = {ASSET_TAGS = (); }; };
		FD0D18861BF1362A0034FDC1 /* POPAnimationRuntime.mm in Sources */ = {isa = PBXBuildFile; fileRef = FD0D185A1BF1362A0034FDC1 /* POPAnimationRuntime.mm */; settings = {ASSET_TAGS = (); }; };
		FD0D18871BF1362A0034FDC1 /* POPAnimationTracer.mm in Sources */ = {isa = PBXBuildFile; fileRef = FD0D185C1BF1362A0034FDC1 /* POPAnimationTracer.mm */; settings = {ASSET_TAGS = (); }; };
		FD0D18881BF1362A0034FDC1 /* POPAnimator.mm in Sources */ = {isa = PBXBuildFile; fileRef = FD0D185F1BF1362A0034FDC1 /* POPAnimator.mm */; settings = {ASSET_TAGS = (); }; };
		FD0D18891BF1362A0034FDC1 /* POPBasicAnimation.mm in Sources */ = {isa = PBXBuildFile; fileRef = FD0D18621BF1362A0034FDC1 /* POPBasicAnimation.mm */; settings = {ASSET_TAGS = (); }; };
		FD0D188A1BF1362A0034FDC1 /* POPCGUtils.mm in Sources */ = {isa = PBXBuildFile; fileRef = FD0D18651BF1362A0034FDC1 /* POPCGUtils.mm */; settings = {ASSET_TAGS = (); }; };
		FD0D188B1BF1362A0034FDC1 /* POPCustomAnimation.mm in Sources */ = {isa = PBXBuildFile; fileRef = FD0D18671BF1362A0034FDC1 /* POPCustomAnimation.mm */; settings = {ASSET_TAGS = (); }; };
		FD0D188C1BF1362A0034FDC1 /* POPDecayAnimation.mm in Sources */ = {isa = PBXBuildFile; fileRef = FD0D18691BF1362A0034FDC1 /* POPDecayAnimation.mm */; settings = {ASSET_TAGS = (); }; };
		FD0D188D1BF1362A0034FDC1 /* POPGeometry.mm in Sources */ = {isa = PBXBuildFile; fileRef = FD0D186D1BF1362A0034FDC1 /* POPGeometry.mm */; settings = {ASSET_TAGS = (); }; };
		FD0D188E1BF1362A0034FDC1 /* POPLayerExtras.mm in Sources */ = {isa = PBXBuildFile; fileRef = FD0D186F1BF1362A0034FDC1 /* POPLayerExtras.mm */; settings = {ASSET_TAGS = (); }; };
		FD0D188F1BF1362A0034FDC1 /* POPMath.mm in Sources */ = {isa = PBXBuildFile; fileRef = FD0D18711BF1362A0034FDC1 /* POPMath.mm */; settings = {ASSET_TAGS = (); }; };
		FD0D18901BF1362A0034FDC1 /* POPPropertyAnimation.mm in Sources */ = {isa = PBXBuildFile; fileRef = FD0D18731BF1362A0034FDC1 /* POPPropertyAnimation.mm */; settings = {ASSET_TAGS = (); }; };
		FD0D18911BF1362A0034FDC1 /* POPSpringAnimation.mm in Sources */ = {isa = PBXBuildFile; fileRef = FD0D18761BF1362A0034FDC1 /* POPSpringAnimation.mm */; settings = {ASSET_TAGS = (); }; };
		FD0D18921BF1362A0034FDC1 /* POPVector.mm in Sources */ = {isa = PBXBuildFile; fileRef = FD0D187A1BF1362A0034FDC1 /* POPVector.mm */; settings = {ASSET_TAGS = (); }; };
		FD0D18931BF1362A0034FDC1 /* TransformationMatrix.cpp in Sources */ = {isa = PBXBuildFile; fileRef = FD0D187D1BF1362A0034FDC1 /* TransformationMatrix.cpp */; settings = {ASSET_TAGS = (); }; };
		FD0E09091BF9E4A300A768D4 /* IncomingTableViewCell.m in Sources */ = {isa = PBXBuildFile; fileRef = FD0E09081BF9E4A300A768D4 /* IncomingTableViewCell.m */; settings = {ASSET_TAGS = (); }; };
		FD0E090C1BF9E4C400A768D4 /* OutgointTableViewCell.m in Sources */ = {isa = PBXBuildFile; fileRef = FD0E090B1BF9E4C400A768D4 /* OutgointTableViewCell.m */; settings = {ASSET_TAGS = (); }; };
		FD0E090F1BFADD4200A768D4 /* ContactListTableViewCell.m in Sources */ = {isa = PBXBuildFile; fileRef = FD0E090E1BFADD4200A768D4 /* ContactListTableViewCell.m */; settings = {ASSET_TAGS = (); }; };
		FD2C804B1BF726310064CC34 /* UserProfileViewController.m in Sources */ = {isa = PBXBuildFile; fileRef = FD2C804A1BF726310064CC34 /* UserProfileViewController.m */; settings = {ASSET_TAGS = (); }; };
		FD32C94C1BD7A8EC0098E0DF /* PresentingAnimationController.m in Sources */ = {isa = PBXBuildFile; fileRef = FD32C9491BD7A8EC0098E0DF /* PresentingAnimationController.m */; settings = {ASSET_TAGS = (); }; };
		FD32C94D1BD7A8EC0098E0DF /* DismissingAnimationController.m in Sources */ = {isa = PBXBuildFile; fileRef = FD32C94B1BD7A8EC0098E0DF /* DismissingAnimationController.m */; settings = {ASSET_TAGS = (); }; };
		FD3DFD281BF6B0E300E93192 /* CreatGroupVC.m in Sources */ = {isa = PBXBuildFile; fileRef = FD3DFD251BF6B0E300E93192 /* CreatGroupVC.m */; settings = {ASSET_TAGS = (); }; };
		FD3DFD291BF6B0E300E93192 /* ContactListViewController.m in Sources */ = {isa = PBXBuildFile; fileRef = FD3DFD271BF6B0E300E93192 /* ContactListViewController.m */; settings = {ASSET_TAGS = (); }; };
		FD3DFD301BF6B22400E93192 /* UsersPaginator.m in Sources */ = {isa = PBXBuildFile; fileRef = FD3DFD2B1BF6B22400E93192 /* UsersPaginator.m */; settings = {ASSET_TAGS = (); }; };
		FD3DFD311BF6B22400E93192 /* NMPaginator.m in Sources */ = {isa = PBXBuildFile; fileRef = FD3DFD2D1BF6B22400E93192 /* NMPaginator.m */; settings = {ASSET_TAGS = (); }; };
		FD3DFD321BF6B22400E93192 /* Storage.m in Sources */ = {isa = PBXBuildFile; fileRef = FD3DFD2F1BF6B22400E93192 /* Storage.m */; settings = {ASSET_TAGS = (); }; };
		FD455A981BE0855E000B181A /* ProfileMenuTableViewCell.m in Sources */ = {isa = PBXBuildFile; fileRef = FD455A971BE0855E000B181A /* ProfileMenuTableViewCell.m */; settings = {ASSET_TAGS = (); }; };
		FD5411321C0F5F8F0072780B /* OpponentCollectionViewCell.m in Sources */ = {isa = PBXBuildFile; fileRef = FD5411311C0F5F8F0072780B /* OpponentCollectionViewCell.m */; settings = {ASSET_TAGS = (); }; };
		FD549A471C1D55C5000199E5 /* ContentView.m in Sources */ = {isa = PBXBuildFile; fileRef = FD549A461C1D55C5000199E5 /* ContentView.m */; settings = {ASSET_TAGS = (); }; };
		FD5C1BD71C154DED00BD52B0 /* DIalogSettingViewController.m in Sources */ = {isa = PBXBuildFile; fileRef = FD5C1BD61C154DED00BD52B0 /* DIalogSettingViewController.m */; settings = {ASSET_TAGS = (); }; };
		FD5F09221C09F65A00737225 /* GroupChatInfoPopOver.m in Sources */ = {isa = PBXBuildFile; fileRef = FD5F09211C09F65A00737225 /* GroupChatInfoPopOver.m */; settings = {ASSET_TAGS = (); }; };
		FD5F09281C0A8CEF00737225 /* AllMediaCollectionViewCell.m in Sources */ = {isa = PBXBuildFile; fileRef = FD5F09271C0A8CEF00737225 /* AllMediaCollectionViewCell.m */; settings = {ASSET_TAGS = (); }; };
		FD5F093D1C0AACCE00737225 /* AddParticipantsTableViewCell.m in Sources */ = {isa = PBXBuildFile; fileRef = FD5F093C1C0AACCE00737225 /* AddParticipantsTableViewCell.m */; settings = {ASSET_TAGS = (); }; };
		FD5F09401C0AB85900737225 /* PrivateChatUserInfo.m in Sources */ = {isa = PBXBuildFile; fileRef = FD5F093F1C0AB85900737225 /* PrivateChatUserInfo.m */; settings = {ASSET_TAGS = (); }; };
		FD5F09461C0B572700737225 /* UserInfoCell.m in Sources */ = {isa = PBXBuildFile; fileRef = FD5F09451C0B572700737225 /* UserInfoCell.m */; settings = {ASSET_TAGS = (); }; };
		FD5F09491C0C7C3200737225 /* GroupInfoCell.m in Sources */ = {isa = PBXBuildFile; fileRef = FD5F09481C0C7C3200737225 /* GroupInfoCell.m */; settings = {ASSET_TAGS = (); }; };
		FD6600171BDC26B200C1B4A1 /* SWRevealViewController.m in Sources */ = {isa = PBXBuildFile; fileRef = FD6600151BDC26B100C1B4A1 /* SWRevealViewController.m */; settings = {ASSET_TAGS = (); }; };
		FD6600211BDEFF7100C1B4A1 /* ContactsAndGroupsTableViewCell.m in Sources */ = {isa = PBXBuildFile; fileRef = FD6600201BDEFF7000C1B4A1 /* ContactsAndGroupsTableViewCell.m */; settings = {ASSET_TAGS = (); }; };
		FD6600241BE0169500C1B4A1 /* ProfileViewController.m in Sources */ = {isa = PBXBuildFile; fileRef = FD6600231BE0169500C1B4A1 /* ProfileViewController.m */; settings = {ASSET_TAGS = (); }; };
		FD66FFBF1BDBAEEC00C1B4A1 /* ContactsAndGroups.m in Sources */ = {isa = PBXBuildFile; fileRef = FD66FFBE1BDBAEEC00C1B4A1 /* ContactsAndGroups.m */; settings = {ASSET_TAGS = (); }; };
		FD691DB81BE886BF003D56FC /* DialogViewController.m in Sources */ = {isa = PBXBuildFile; fileRef = FD691DB71BE886BF003D56FC /* DialogViewController.m */; settings = {ASSET_TAGS = (); }; };
		FD691DC11BEA7A08003D56FC /* EnterUsername.m in Sources */ = {isa = PBXBuildFile; fileRef = FD691DC01BEA7A08003D56FC /* EnterUsername.m */; settings = {ASSET_TAGS = (); }; };
		FD7013551BFFB80100D81F44 /* IncomingViewController.m in Sources */ = {isa = PBXBuildFile; fileRef = FD7013541BFFB7FB00D81F44 /* IncomingViewController.m */; settings = {ASSET_TAGS = (); }; };
		FD71D1C61BCCE6530056EA7F /* main.m in Sources */ = {isa = PBXBuildFile; fileRef = FD71D1C51BCCE6530056EA7F /* main.m */; };
		FD71D1C91BCCE6530056EA7F /* AppDelegate.m in Sources */ = {isa = PBXBuildFile; fileRef = FD71D1C81BCCE6530056EA7F /* AppDelegate.m */; };
		FD71D1CC1BCCE6530056EA7F /* RegistrationViewController.m in Sources */ = {isa = PBXBuildFile; fileRef = FD71D1CB1BCCE6530056EA7F /* RegistrationViewController.m */; };
		FD71D1CF1BCCE6530056EA7F /* Main.storyboard in Resources */ = {isa = PBXBuildFile; fileRef = FD71D1CD1BCCE6530056EA7F /* Main.storyboard */; };
		FD71D1D11BCCE6530056EA7F /* Assets.xcassets in Resources */ = {isa = PBXBuildFile; fileRef = FD71D1D01BCCE6530056EA7F /* Assets.xcassets */; };
		FD71D1D41BCCE6530056EA7F /* LaunchScreen.storyboard in Resources */ = {isa = PBXBuildFile; fileRef = FD71D1D21BCCE6530056EA7F /* LaunchScreen.storyboard */; };
		FD71D1DF1BCCE6530056EA7F /* New_Video_Chat_ProjectTests.m in Sources */ = {isa = PBXBuildFile; fileRef = FD71D1DE1BCCE6530056EA7F /* New_Video_Chat_ProjectTests.m */; };
		FD71D1EA1BCCE6530056EA7F /* New_Video_Chat_ProjectUITests.m in Sources */ = {isa = PBXBuildFile; fileRef = FD71D1E91BCCE6530056EA7F /* New_Video_Chat_ProjectUITests.m */; };
		FD71D2031BCE2F9A0056EA7F /* VerifyCodeViewController.m in Sources */ = {isa = PBXBuildFile; fileRef = FD71D2021BCE2F9A0056EA7F /* VerifyCodeViewController.m */; settings = {ASSET_TAGS = (); }; };
		FD71D24F1BCF7FF70056EA7F /* IntroToProfileViewController.m in Sources */ = {isa = PBXBuildFile; fileRef = FD71D24E1BCF7FF70056EA7F /* IntroToProfileViewController.m */; settings = {ASSET_TAGS = (); }; };
		FD71D2521BD048250056EA7F /* MainViewController.m in Sources */ = {isa = PBXBuildFile; fileRef = FD71D2511BD048250056EA7F /* MainViewController.m */; settings = {ASSET_TAGS = (); }; };
		FD71D2551BD0487D0056EA7F /* MainTableViewCell.m in Sources */ = {isa = PBXBuildFile; fileRef = FD71D2541BD0487D0056EA7F /* MainTableViewCell.m */; settings = {ASSET_TAGS = (); }; };
		FDAE6C211C06429800399489 /* QCMethod.m in Sources */ = {isa = PBXBuildFile; fileRef = FDAE6C201C06429800399489 /* QCMethod.m */; settings = {ASSET_TAGS = (); }; };
		FDAE6C2D1C07D20B00399489 /* UserIsTypingCell.m in Sources */ = {isa = PBXBuildFile; fileRef = FDAE6C2C1C07D20B00399489 /* UserIsTypingCell.m */; settings = {ASSET_TAGS = (); }; };
		FDAE6C301C08853700399489 /* CustomView.m in Sources */ = {isa = PBXBuildFile; fileRef = FDAE6C2F1C08853700399489 /* CustomView.m */; settings = {ASSET_TAGS = (); }; };
		FDAE6C331C08CCD400399489 /* UserImageVC.m in Sources */ = {isa = PBXBuildFile; fileRef = FDAE6C321C08CCD400399489 /* UserImageVC.m */; settings = {ASSET_TAGS = (); }; };
		FDF1351D1C1142D0001767C1 /* Accelerate.framework in Frameworks */ = {isa = PBXBuildFile; fileRef = FDF135081C1142D0001767C1 /* Accelerate.framework */; };
		FDF1351E1C1142D0001767C1 /* Accounts.framework in Frameworks */ = {isa = PBXBuildFile; fileRef = FDF135091C1142D0001767C1 /* Accounts.framework */; };
		FDF1351F1C1142D0001767C1 /* AddressBook.framework in Frameworks */ = {isa = PBXBuildFile; fileRef = FDF1350A1C1142D0001767C1 /* AddressBook.framework */; };
		FDF135201C1142D0001767C1 /* AddressBookUI.framework in Frameworks */ = {isa = PBXBuildFile; fileRef = FDF1350B1C1142D0001767C1 /* AddressBookUI.framework */; };
		FDF135211C1142D0001767C1 /* AudioToolbox.framework in Frameworks */ = {isa = PBXBuildFile; fileRef = FDF1350C1C1142D0001767C1 /* AudioToolbox.framework */; };
		FDF135221C1142D0001767C1 /* CFNetwork.framework in Frameworks */ = {isa = PBXBuildFile; fileRef = FDF1350D1C1142D0001767C1 /* CFNetwork.framework */; };
		FDF135231C1142D0001767C1 /* Contacts.framework in Frameworks */ = {isa = PBXBuildFile; fileRef = FDF1350E1C1142D0001767C1 /* Contacts.framework */; };
		FDF135241C1142D0001767C1 /* ContactsUI.framework in Frameworks */ = {isa = PBXBuildFile; fileRef = FDF1350F1C1142D0001767C1 /* ContactsUI.framework */; };
		FDF135251C1142D0001767C1 /* GLKit.framework in Frameworks */ = {isa = PBXBuildFile; fileRef = FDF135101C1142D0001767C1 /* GLKit.framework */; };
		FDF135261C1142D0001767C1 /* libc++.tbd in Frameworks */ = {isa = PBXBuildFile; fileRef = FDF135111C1142D0001767C1 /* libc++.tbd */; };
		FDF135271C1142D0001767C1 /* libsqlite3.tbd in Frameworks */ = {isa = PBXBuildFile; fileRef = FDF135121C1142D0001767C1 /* libsqlite3.tbd */; };
		FDF135281C1142D0001767C1 /* libstdc++.tbd in Frameworks */ = {isa = PBXBuildFile; fileRef = FDF135131C1142D0001767C1 /* libstdc++.tbd */; };
		FDF135291C1142D0001767C1 /* libz.tbd in Frameworks */ = {isa = PBXBuildFile; fileRef = FDF135141C1142D0001767C1 /* libz.tbd */; };
		FDF1352A1C1142D0001767C1 /* MobileCoreServices.framework in Frameworks */ = {isa = PBXBuildFile; fileRef = FDF135151C1142D0001767C1 /* MobileCoreServices.framework */; };
		FDF1352B1C1142D0001767C1 /* NotificationCenter.framework in Frameworks */ = {isa = PBXBuildFile; fileRef = FDF135161C1142D0001767C1 /* NotificationCenter.framework */; };
		FDF1352C1C1142D0001767C1 /* QuartzCore.framework in Frameworks */ = {isa = PBXBuildFile; fileRef = FDF135171C1142D0001767C1 /* QuartzCore.framework */; };
		FDF1352D1C1142D0001767C1 /* Security.framework in Frameworks */ = {isa = PBXBuildFile; fileRef = FDF135181C1142D0001767C1 /* Security.framework */; };
		FDF1352E1C1142D0001767C1 /* Social.framework in Frameworks */ = {isa = PBXBuildFile; fileRef = FDF135191C1142D0001767C1 /* Social.framework */; };
		FDF1352F1C1142D0001767C1 /* SystemConfiguration.framework in Frameworks */ = {isa = PBXBuildFile; fileRef = FDF1351A1C1142D0001767C1 /* SystemConfiguration.framework */; };
		FDF135301C1142D0001767C1 /* UIKit.framework in Frameworks */ = {isa = PBXBuildFile; fileRef = FDF1351B1C1142D0001767C1 /* UIKit.framework */; };
		FDF135311C1142D0001767C1 /* VideoToolbox.framework in Frameworks */ = {isa = PBXBuildFile; fileRef = FDF1351C1C1142D0001767C1 /* VideoToolbox.framework */; };
/* End PBXBuildFile section */

/* Begin PBXContainerItemProxy section */
		FD71D1DB1BCCE6530056EA7F /* PBXContainerItemProxy */ = {
			isa = PBXContainerItemProxy;
			containerPortal = FD71D1B91BCCE6530056EA7F /* Project object */;
			proxyType = 1;
			remoteGlobalIDString = FD71D1C01BCCE6530056EA7F;
			remoteInfo = "New Video Chat Project";
		};
		FD71D1E61BCCE6530056EA7F /* PBXContainerItemProxy */ = {
			isa = PBXContainerItemProxy;
			containerPortal = FD71D1B91BCCE6530056EA7F /* Project object */;
			proxyType = 1;
			remoteGlobalIDString = FD71D1C01BCCE6530056EA7F;
			remoteInfo = "New Video Chat Project";
		};
/* End PBXContainerItemProxy section */

/* Begin PBXCopyFilesBuildPhase section */
		FD38D2581BD0D04B0042EA83 /* Copy Files (1 item) */ = {
			isa = PBXCopyFilesBuildPhase;
			buildActionMask = 2147483647;
			dstPath = "";
			dstSubfolderSpec = 10;
			files = (
			);
			name = "Copy Files (1 item)";
			runOnlyForDeploymentPostprocessing = 0;
		};
/* End PBXCopyFilesBuildPhase section */

/* Begin PBXFileReference section */
		6321B8E4EB3EA1A3AEE14DD4 /* Pods-New Video Chat Project.debug.xcconfig */ = {isa = PBXFileReference; includeInIndex = 1; lastKnownFileType = text.xcconfig; name = "Pods-New Video Chat Project.debug.xcconfig"; path = "Pods/Target Support Files/Pods-New Video Chat Project/Pods-New Video Chat Project.debug.xcconfig"; sourceTree = "<group>"; };
		8107CD358192AB5726B1A79D /* libPods-New Video Chat Project.a */ = {isa = PBXFileReference; explicitFileType = archive.ar; includeInIndex = 0; path = "libPods-New Video Chat Project.a"; sourceTree = BUILT_PRODUCTS_DIR; };
		D502ED263FA04957F5B13054 /* Pods-New Video Chat Project.release.xcconfig */ = {isa = PBXFileReference; includeInIndex = 1; lastKnownFileType = text.xcconfig; name = "Pods-New Video Chat Project.release.xcconfig"; path = "Pods/Target Support Files/Pods-New Video Chat Project/Pods-New Video Chat Project.release.xcconfig"; sourceTree = "<group>"; };
		FD03AC0E1BEBD15B0077CD61 /* Types.h */ = {isa = PBXFileReference; lastKnownFileType = sourcecode.c.h; path = Types.h; sourceTree = "<group>"; };
		FD07AA191BE174E3005EB685 /* ProfileSettingsViewController.h */ = {isa = PBXFileReference; fileEncoding = 4; lastKnownFileType = sourcecode.c.h; name = ProfileSettingsViewController.h; path = ../ProfileSettingsViewController.h; sourceTree = "<group>"; };
		FD07AA1A1BE174E3005EB685 /* ProfileSettingsViewController.m */ = {isa = PBXFileReference; fileEncoding = 4; lastKnownFileType = sourcecode.c.objc; name = ProfileSettingsViewController.m; path = ../ProfileSettingsViewController.m; sourceTree = "<group>"; };
		FD0D18491BF1362A0034FDC1 /* module.modulemap */ = {isa = PBXFileReference; fileEncoding = 4; lastKnownFileType = "sourcecode.module-map"; path = module.modulemap; sourceTree = "<group>"; };
		FD0D184A1BF1362A0034FDC1 /* pop-ios-Info.plist */ = {isa = PBXFileReference; fileEncoding = 4; lastKnownFileType = text.plist.xml; path = "pop-ios-Info.plist"; sourceTree = "<group>"; };
		FD0D184B1BF1362A0034FDC1 /* pop-osx-Info.plist */ = {isa = PBXFileReference; fileEncoding = 4; lastKnownFileType = text.plist.xml; path = "pop-osx-Info.plist"; sourceTree = "<group>"; };
		FD0D184C1BF1362A0034FDC1 /* POP.h */ = {isa = PBXFileReference; fileEncoding = 4; lastKnownFileType = sourcecode.c.h; path = POP.h; sourceTree = "<group>"; };
		FD0D184D1BF1362A0034FDC1 /* POPAction.h */ = {isa = PBXFileReference; fileEncoding = 4; lastKnownFileType = sourcecode.c.h; path = POPAction.h; sourceTree = "<group>"; };
		FD0D184E1BF1362A0034FDC1 /* POPAnimatableProperty.h */ = {isa = PBXFileReference; fileEncoding = 4; lastKnownFileType = sourcecode.c.h; path = POPAnimatableProperty.h; sourceTree = "<group>"; };
		FD0D184F1BF1362A0034FDC1 /* POPAnimatableProperty.mm */ = {isa = PBXFileReference; fileEncoding = 4; lastKnownFileType = sourcecode.cpp.objcpp; path = POPAnimatableProperty.mm; sourceTree = "<group>"; };
		FD0D18501BF1362A0034FDC1 /* POPAnimation.h */ = {isa = PBXFileReference; fileEncoding = 4; lastKnownFileType = sourcecode.c.h; path = POPAnimation.h; sourceTree = "<group>"; };
		FD0D18511BF1362A0034FDC1 /* POPAnimation.mm */ = {isa = PBXFileReference; fileEncoding = 4; lastKnownFileType = sourcecode.cpp.objcpp; path = POPAnimation.mm; sourceTree = "<group>"; };
		FD0D18521BF1362A0034FDC1 /* POPAnimationEvent.h */ = {isa = PBXFileReference; fileEncoding = 4; lastKnownFileType = sourcecode.c.h; path = POPAnimationEvent.h; sourceTree = "<group>"; };
		FD0D18531BF1362A0034FDC1 /* POPAnimationEvent.mm */ = {isa = PBXFileReference; fileEncoding = 4; lastKnownFileType = sourcecode.cpp.objcpp; path = POPAnimationEvent.mm; sourceTree = "<group>"; };
		FD0D18541BF1362A0034FDC1 /* POPAnimationEventInternal.h */ = {isa = PBXFileReference; fileEncoding = 4; lastKnownFileType = sourcecode.c.h; path = POPAnimationEventInternal.h; sourceTree = "<group>"; };
		FD0D18551BF1362A0034FDC1 /* POPAnimationExtras.h */ = {isa = PBXFileReference; fileEncoding = 4; lastKnownFileType = sourcecode.c.h; path = POPAnimationExtras.h; sourceTree = "<group>"; };
		FD0D18561BF1362A0034FDC1 /* POPAnimationExtras.mm */ = {isa = PBXFileReference; fileEncoding = 4; lastKnownFileType = sourcecode.cpp.objcpp; path = POPAnimationExtras.mm; sourceTree = "<group>"; };
		FD0D18571BF1362A0034FDC1 /* POPAnimationInternal.h */ = {isa = PBXFileReference; fileEncoding = 4; lastKnownFileType = sourcecode.c.h; path = POPAnimationInternal.h; sourceTree = "<group>"; };
		FD0D18581BF1362A0034FDC1 /* POPAnimationPrivate.h */ = {isa = PBXFileReference; fileEncoding = 4; lastKnownFileType = sourcecode.c.h; path = POPAnimationPrivate.h; sourceTree = "<group>"; };
		FD0D18591BF1362A0034FDC1 /* POPAnimationRuntime.h */ = {isa = PBXFileReference; fileEncoding = 4; lastKnownFileType = sourcecode.c.h; path = POPAnimationRuntime.h; sourceTree = "<group>"; };
		FD0D185A1BF1362A0034FDC1 /* POPAnimationRuntime.mm */ = {isa = PBXFileReference; fileEncoding = 4; lastKnownFileType = sourcecode.cpp.objcpp; path = POPAnimationRuntime.mm; sourceTree = "<group>"; };
		FD0D185B1BF1362A0034FDC1 /* POPAnimationTracer.h */ = {isa = PBXFileReference; fileEncoding = 4; lastKnownFileType = sourcecode.c.h; path = POPAnimationTracer.h; sourceTree = "<group>"; };
		FD0D185C1BF1362A0034FDC1 /* POPAnimationTracer.mm */ = {isa = PBXFileReference; fileEncoding = 4; lastKnownFileType = sourcecode.cpp.objcpp; path = POPAnimationTracer.mm; sourceTree = "<group>"; };
		FD0D185D1BF1362A0034FDC1 /* POPAnimationTracerInternal.h */ = {isa = PBXFileReference; fileEncoding = 4; lastKnownFileType = sourcecode.c.h; path = POPAnimationTracerInternal.h; sourceTree = "<group>"; };
		FD0D185E1BF1362A0034FDC1 /* POPAnimator.h */ = {isa = PBXFileReference; fileEncoding = 4; lastKnownFileType = sourcecode.c.h; path = POPAnimator.h; sourceTree = "<group>"; };
		FD0D185F1BF1362A0034FDC1 /* POPAnimator.mm */ = {isa = PBXFileReference; fileEncoding = 4; lastKnownFileType = sourcecode.cpp.objcpp; path = POPAnimator.mm; sourceTree = "<group>"; };
		FD0D18601BF1362A0034FDC1 /* POPAnimatorPrivate.h */ = {isa = PBXFileReference; fileEncoding = 4; lastKnownFileType = sourcecode.c.h; path = POPAnimatorPrivate.h; sourceTree = "<group>"; };
		FD0D18611BF1362A0034FDC1 /* POPBasicAnimation.h */ = {isa = PBXFileReference; fileEncoding = 4; lastKnownFileType = sourcecode.c.h; path = POPBasicAnimation.h; sourceTree = "<group>"; };
		FD0D18621BF1362A0034FDC1 /* POPBasicAnimation.mm */ = {isa = PBXFileReference; fileEncoding = 4; lastKnownFileType = sourcecode.cpp.objcpp; path = POPBasicAnimation.mm; sourceTree = "<group>"; };
		FD0D18631BF1362A0034FDC1 /* POPBasicAnimationInternal.h */ = {isa = PBXFileReference; fileEncoding = 4; lastKnownFileType = sourcecode.c.h; path = POPBasicAnimationInternal.h; sourceTree = "<group>"; };
		FD0D18641BF1362A0034FDC1 /* POPCGUtils.h */ = {isa = PBXFileReference; fileEncoding = 4; lastKnownFileType = sourcecode.c.h; path = POPCGUtils.h; sourceTree = "<group>"; };
		FD0D18651BF1362A0034FDC1 /* POPCGUtils.mm */ = {isa = PBXFileReference; fileEncoding = 4; lastKnownFileType = sourcecode.cpp.objcpp; path = POPCGUtils.mm; sourceTree = "<group>"; };
		FD0D18661BF1362A0034FDC1 /* POPCustomAnimation.h */ = {isa = PBXFileReference; fileEncoding = 4; lastKnownFileType = sourcecode.c.h; path = POPCustomAnimation.h; sourceTree = "<group>"; };
		FD0D18671BF1362A0034FDC1 /* POPCustomAnimation.mm */ = {isa = PBXFileReference; fileEncoding = 4; lastKnownFileType = sourcecode.cpp.objcpp; path = POPCustomAnimation.mm; sourceTree = "<group>"; };
		FD0D18681BF1362A0034FDC1 /* POPDecayAnimation.h */ = {isa = PBXFileReference; fileEncoding = 4; lastKnownFileType = sourcecode.c.h; path = POPDecayAnimation.h; sourceTree = "<group>"; };
		FD0D18691BF1362A0034FDC1 /* POPDecayAnimation.mm */ = {isa = PBXFileReference; fileEncoding = 4; lastKnownFileType = sourcecode.cpp.objcpp; path = POPDecayAnimation.mm; sourceTree = "<group>"; };
		FD0D186A1BF1362A0034FDC1 /* POPDecayAnimationInternal.h */ = {isa = PBXFileReference; fileEncoding = 4; lastKnownFileType = sourcecode.c.h; path = POPDecayAnimationInternal.h; sourceTree = "<group>"; };
		FD0D186B1BF1362A0034FDC1 /* POPDefines.h */ = {isa = PBXFileReference; fileEncoding = 4; lastKnownFileType = sourcecode.c.h; path = POPDefines.h; sourceTree = "<group>"; };
		FD0D186C1BF1362A0034FDC1 /* POPGeometry.h */ = {isa = PBXFileReference; fileEncoding = 4; lastKnownFileType = sourcecode.c.h; path = POPGeometry.h; sourceTree = "<group>"; };
		FD0D186D1BF1362A0034FDC1 /* POPGeometry.mm */ = {isa = PBXFileReference; fileEncoding = 4; lastKnownFileType = sourcecode.cpp.objcpp; path = POPGeometry.mm; sourceTree = "<group>"; };
		FD0D186E1BF1362A0034FDC1 /* POPLayerExtras.h */ = {isa = PBXFileReference; fileEncoding = 4; lastKnownFileType = sourcecode.c.h; path = POPLayerExtras.h; sourceTree = "<group>"; };
		FD0D186F1BF1362A0034FDC1 /* POPLayerExtras.mm */ = {isa = PBXFileReference; fileEncoding = 4; lastKnownFileType = sourcecode.cpp.objcpp; path = POPLayerExtras.mm; sourceTree = "<group>"; };
		FD0D18701BF1362A0034FDC1 /* POPMath.h */ = {isa = PBXFileReference; fileEncoding = 4; lastKnownFileType = sourcecode.c.h; path = POPMath.h; sourceTree = "<group>"; };
		FD0D18711BF1362A0034FDC1 /* POPMath.mm */ = {isa = PBXFileReference; fileEncoding = 4; lastKnownFileType = sourcecode.cpp.objcpp; path = POPMath.mm; sourceTree = "<group>"; };
		FD0D18721BF1362A0034FDC1 /* POPPropertyAnimation.h */ = {isa = PBXFileReference; fileEncoding = 4; lastKnownFileType = sourcecode.c.h; path = POPPropertyAnimation.h; sourceTree = "<group>"; };
		FD0D18731BF1362A0034FDC1 /* POPPropertyAnimation.mm */ = {isa = PBXFileReference; fileEncoding = 4; lastKnownFileType = sourcecode.cpp.objcpp; path = POPPropertyAnimation.mm; sourceTree = "<group>"; };
		FD0D18741BF1362A0034FDC1 /* POPPropertyAnimationInternal.h */ = {isa = PBXFileReference; fileEncoding = 4; lastKnownFileType = sourcecode.c.h; path = POPPropertyAnimationInternal.h; sourceTree = "<group>"; };
		FD0D18751BF1362A0034FDC1 /* POPSpringAnimation.h */ = {isa = PBXFileReference; fileEncoding = 4; lastKnownFileType = sourcecode.c.h; path = POPSpringAnimation.h; sourceTree = "<group>"; };
		FD0D18761BF1362A0034FDC1 /* POPSpringAnimation.mm */ = {isa = PBXFileReference; fileEncoding = 4; lastKnownFileType = sourcecode.cpp.objcpp; path = POPSpringAnimation.mm; sourceTree = "<group>"; };
		FD0D18771BF1362A0034FDC1 /* POPSpringAnimationInternal.h */ = {isa = PBXFileReference; fileEncoding = 4; lastKnownFileType = sourcecode.c.h; path = POPSpringAnimationInternal.h; sourceTree = "<group>"; };
		FD0D18781BF1362A0034FDC1 /* POPSpringSolver.h */ = {isa = PBXFileReference; fileEncoding = 4; lastKnownFileType = sourcecode.c.h; path = POPSpringSolver.h; sourceTree = "<group>"; };
		FD0D18791BF1362A0034FDC1 /* POPVector.h */ = {isa = PBXFileReference; fileEncoding = 4; lastKnownFileType = sourcecode.c.h; path = POPVector.h; sourceTree = "<group>"; };
		FD0D187A1BF1362A0034FDC1 /* POPVector.mm */ = {isa = PBXFileReference; fileEncoding = 4; lastKnownFileType = sourcecode.cpp.objcpp; path = POPVector.mm; sourceTree = "<group>"; };
		FD0D187C1BF1362A0034FDC1 /* FloatConversion.h */ = {isa = PBXFileReference; fileEncoding = 4; lastKnownFileType = sourcecode.c.h; path = FloatConversion.h; sourceTree = "<group>"; };
		FD0D187D1BF1362A0034FDC1 /* TransformationMatrix.cpp */ = {isa = PBXFileReference; fileEncoding = 4; lastKnownFileType = sourcecode.cpp.cpp; path = TransformationMatrix.cpp; sourceTree = "<group>"; };
		FD0D187E1BF1362A0034FDC1 /* TransformationMatrix.h */ = {isa = PBXFileReference; fileEncoding = 4; lastKnownFileType = sourcecode.c.h; path = TransformationMatrix.h; sourceTree = "<group>"; };
		FD0D187F1BF1362A0034FDC1 /* UnitBezier.h */ = {isa = PBXFileReference; fileEncoding = 4; lastKnownFileType = sourcecode.c.h; path = UnitBezier.h; sourceTree = "<group>"; };
		FD0E09071BF9E4A300A768D4 /* IncomingTableViewCell.h */ = {isa = PBXFileReference; fileEncoding = 4; lastKnownFileType = sourcecode.c.h; path = IncomingTableViewCell.h; sourceTree = "<group>"; };
		FD0E09081BF9E4A300A768D4 /* IncomingTableViewCell.m */ = {isa = PBXFileReference; fileEncoding = 4; lastKnownFileType = sourcecode.c.objc; path = IncomingTableViewCell.m; sourceTree = "<group>"; };
		FD0E090A1BF9E4C400A768D4 /* OutgointTableViewCell.h */ = {isa = PBXFileReference; fileEncoding = 4; lastKnownFileType = sourcecode.c.h; name = OutgointTableViewCell.h; path = ../OutgointTableViewCell.h; sourceTree = "<group>"; };
		FD0E090B1BF9E4C400A768D4 /* OutgointTableViewCell.m */ = {isa = PBXFileReference; fileEncoding = 4; lastKnownFileType = sourcecode.c.objc; name = OutgointTableViewCell.m; path = ../OutgointTableViewCell.m; sourceTree = "<group>"; };
		FD0E090D1BFADD4200A768D4 /* ContactListTableViewCell.h */ = {isa = PBXFileReference; fileEncoding = 4; lastKnownFileType = sourcecode.c.h; path = ContactListTableViewCell.h; sourceTree = "<group>"; };
		FD0E090E1BFADD4200A768D4 /* ContactListTableViewCell.m */ = {isa = PBXFileReference; fileEncoding = 4; lastKnownFileType = sourcecode.c.objc; path = ContactListTableViewCell.m; sourceTree = "<group>"; };
		FD2C80491BF726310064CC34 /* UserProfileViewController.h */ = {isa = PBXFileReference; fileEncoding = 4; lastKnownFileType = sourcecode.c.h; path = UserProfileViewController.h; sourceTree = "<group>"; };
		FD2C804A1BF726310064CC34 /* UserProfileViewController.m */ = {isa = PBXFileReference; fileEncoding = 4; lastKnownFileType = sourcecode.c.objc; path = UserProfileViewController.m; sourceTree = "<group>"; };
		FD32C9481BD7A8EC0098E0DF /* PresentingAnimationController.h */ = {isa = PBXFileReference; fileEncoding = 4; lastKnownFileType = sourcecode.c.h; path = PresentingAnimationController.h; sourceTree = "<group>"; };
		FD32C9491BD7A8EC0098E0DF /* PresentingAnimationController.m */ = {isa = PBXFileReference; fileEncoding = 4; lastKnownFileType = sourcecode.c.objc; path = PresentingAnimationController.m; sourceTree = "<group>"; };
		FD32C94A1BD7A8EC0098E0DF /* DismissingAnimationController.h */ = {isa = PBXFileReference; fileEncoding = 4; lastKnownFileType = sourcecode.c.h; path = DismissingAnimationController.h; sourceTree = "<group>"; };
		FD32C94B1BD7A8EC0098E0DF /* DismissingAnimationController.m */ = {isa = PBXFileReference; fileEncoding = 4; lastKnownFileType = sourcecode.c.objc; path = DismissingAnimationController.m; sourceTree = "<group>"; };
		FD3DFD241BF6B0E300E93192 /* CreatGroupVC.h */ = {isa = PBXFileReference; fileEncoding = 4; lastKnownFileType = sourcecode.c.h; path = CreatGroupVC.h; sourceTree = "<group>"; };
		FD3DFD251BF6B0E300E93192 /* CreatGroupVC.m */ = {isa = PBXFileReference; fileEncoding = 4; lastKnownFileType = sourcecode.c.objc; path = CreatGroupVC.m; sourceTree = "<group>"; };
		FD3DFD261BF6B0E300E93192 /* ContactListViewController.h */ = {isa = PBXFileReference; fileEncoding = 4; lastKnownFileType = sourcecode.c.h; path = ContactListViewController.h; sourceTree = "<group>"; };
		FD3DFD271BF6B0E300E93192 /* ContactListViewController.m */ = {isa = PBXFileReference; fileEncoding = 4; lastKnownFileType = sourcecode.c.objc; path = ContactListViewController.m; sourceTree = "<group>"; };
		FD3DFD2A1BF6B22400E93192 /* UsersPaginator.h */ = {isa = PBXFileReference; fileEncoding = 4; lastKnownFileType = sourcecode.c.h; path = UsersPaginator.h; sourceTree = "<group>"; };
		FD3DFD2B1BF6B22400E93192 /* UsersPaginator.m */ = {isa = PBXFileReference; fileEncoding = 4; lastKnownFileType = sourcecode.c.objc; path = UsersPaginator.m; sourceTree = "<group>"; };
		FD3DFD2C1BF6B22400E93192 /* NMPaginator.h */ = {isa = PBXFileReference; fileEncoding = 4; lastKnownFileType = sourcecode.c.h; path = NMPaginator.h; sourceTree = "<group>"; };
		FD3DFD2D1BF6B22400E93192 /* NMPaginator.m */ = {isa = PBXFileReference; fileEncoding = 4; lastKnownFileType = sourcecode.c.objc; path = NMPaginator.m; sourceTree = "<group>"; };
		FD3DFD2E1BF6B22400E93192 /* Storage.h */ = {isa = PBXFileReference; fileEncoding = 4; lastKnownFileType = sourcecode.c.h; path = Storage.h; sourceTree = "<group>"; };
		FD3DFD2F1BF6B22400E93192 /* Storage.m */ = {isa = PBXFileReference; fileEncoding = 4; lastKnownFileType = sourcecode.c.objc; path = Storage.m; sourceTree = "<group>"; };
		FD455A961BE0855E000B181A /* ProfileMenuTableViewCell.h */ = {isa = PBXFileReference; fileEncoding = 4; lastKnownFileType = sourcecode.c.h; path = ProfileMenuTableViewCell.h; sourceTree = "<group>"; };
		FD455A971BE0855E000B181A /* ProfileMenuTableViewCell.m */ = {isa = PBXFileReference; fileEncoding = 4; lastKnownFileType = sourcecode.c.objc; path = ProfileMenuTableViewCell.m; sourceTree = "<group>"; };
		FD5411301C0F5F8F0072780B /* OpponentCollectionViewCell.h */ = {isa = PBXFileReference; fileEncoding = 4; lastKnownFileType = sourcecode.c.h; path = OpponentCollectionViewCell.h; sourceTree = "<group>"; };
		FD5411311C0F5F8F0072780B /* OpponentCollectionViewCell.m */ = {isa = PBXFileReference; fileEncoding = 4; lastKnownFileType = sourcecode.c.objc; path = OpponentCollectionViewCell.m; sourceTree = "<group>"; };
		FD549A451C1D55C5000199E5 /* ContentView.h */ = {isa = PBXFileReference; fileEncoding = 4; lastKnownFileType = sourcecode.c.h; path = ContentView.h; sourceTree = "<group>"; };
		FD549A461C1D55C5000199E5 /* ContentView.m */ = {isa = PBXFileReference; fileEncoding = 4; lastKnownFileType = sourcecode.c.objc; path = ContentView.m; sourceTree = "<group>"; };
		FD5C1BD51C154DED00BD52B0 /* DIalogSettingViewController.h */ = {isa = PBXFileReference; fileEncoding = 4; lastKnownFileType = sourcecode.c.h; path = DIalogSettingViewController.h; sourceTree = "<group>"; };
		FD5C1BD61C154DED00BD52B0 /* DIalogSettingViewController.m */ = {isa = PBXFileReference; fileEncoding = 4; lastKnownFileType = sourcecode.c.objc; path = DIalogSettingViewController.m; sourceTree = "<group>"; };
		FD5F09201C09F65A00737225 /* GroupChatInfoPopOver.h */ = {isa = PBXFileReference; fileEncoding = 4; lastKnownFileType = sourcecode.c.h; path = GroupChatInfoPopOver.h; sourceTree = "<group>"; };
		FD5F09211C09F65A00737225 /* GroupChatInfoPopOver.m */ = {isa = PBXFileReference; fileEncoding = 4; lastKnownFileType = sourcecode.c.objc; path = GroupChatInfoPopOver.m; sourceTree = "<group>"; };
		FD5F09261C0A8CEF00737225 /* AllMediaCollectionViewCell.h */ = {isa = PBXFileReference; fileEncoding = 4; lastKnownFileType = sourcecode.c.h; path = AllMediaCollectionViewCell.h; sourceTree = "<group>"; };
		FD5F09271C0A8CEF00737225 /* AllMediaCollectionViewCell.m */ = {isa = PBXFileReference; fileEncoding = 4; lastKnownFileType = sourcecode.c.objc; path = AllMediaCollectionViewCell.m; sourceTree = "<group>"; };
		FD5F093B1C0AACCE00737225 /* AddParticipantsTableViewCell.h */ = {isa = PBXFileReference; fileEncoding = 4; lastKnownFileType = sourcecode.c.h; path = AddParticipantsTableViewCell.h; sourceTree = "<group>"; };
		FD5F093C1C0AACCE00737225 /* AddParticipantsTableViewCell.m */ = {isa = PBXFileReference; fileEncoding = 4; lastKnownFileType = sourcecode.c.objc; path = AddParticipantsTableViewCell.m; sourceTree = "<group>"; };
		FD5F093E1C0AB85900737225 /* PrivateChatUserInfo.h */ = {isa = PBXFileReference; fileEncoding = 4; lastKnownFileType = sourcecode.c.h; path = PrivateChatUserInfo.h; sourceTree = "<group>"; };
		FD5F093F1C0AB85900737225 /* PrivateChatUserInfo.m */ = {isa = PBXFileReference; fileEncoding = 4; lastKnownFileType = sourcecode.c.objc; path = PrivateChatUserInfo.m; sourceTree = "<group>"; };
		FD5F09441C0B572700737225 /* UserInfoCell.h */ = {isa = PBXFileReference; fileEncoding = 4; lastKnownFileType = sourcecode.c.h; path = UserInfoCell.h; sourceTree = "<group>"; };
		FD5F09451C0B572700737225 /* UserInfoCell.m */ = {isa = PBXFileReference; fileEncoding = 4; lastKnownFileType = sourcecode.c.objc; path = UserInfoCell.m; sourceTree = "<group>"; };
		FD5F09471C0C7C3200737225 /* GroupInfoCell.h */ = {isa = PBXFileReference; fileEncoding = 4; lastKnownFileType = sourcecode.c.h; path = GroupInfoCell.h; sourceTree = "<group>"; };
		FD5F09481C0C7C3200737225 /* GroupInfoCell.m */ = {isa = PBXFileReference; fileEncoding = 4; lastKnownFileType = sourcecode.c.objc; path = GroupInfoCell.m; sourceTree = "<group>"; };
		FD6600151BDC26B100C1B4A1 /* SWRevealViewController.m */ = {isa = PBXFileReference; fileEncoding = 4; lastKnownFileType = sourcecode.c.objc; path = SWRevealViewController.m; sourceTree = "<group>"; };
		FD6600161BDC26B100C1B4A1 /* SWRevealViewController.h */ = {isa = PBXFileReference; fileEncoding = 4; lastKnownFileType = sourcecode.c.h; path = SWRevealViewController.h; sourceTree = "<group>"; };
		FD66001F1BDEFF7000C1B4A1 /* ContactsAndGroupsTableViewCell.h */ = {isa = PBXFileReference; fileEncoding = 4; lastKnownFileType = sourcecode.c.h; path = ContactsAndGroupsTableViewCell.h; sourceTree = "<group>"; };
		FD6600201BDEFF7000C1B4A1 /* ContactsAndGroupsTableViewCell.m */ = {isa = PBXFileReference; fileEncoding = 4; lastKnownFileType = sourcecode.c.objc; path = ContactsAndGroupsTableViewCell.m; sourceTree = "<group>"; };
		FD6600221BE0169500C1B4A1 /* ProfileViewController.h */ = {isa = PBXFileReference; fileEncoding = 4; lastKnownFileType = sourcecode.c.h; path = ProfileViewController.h; sourceTree = "<group>"; };
		FD6600231BE0169500C1B4A1 /* ProfileViewController.m */ = {isa = PBXFileReference; fileEncoding = 4; lastKnownFileType = sourcecode.c.objc; path = ProfileViewController.m; sourceTree = "<group>"; };
		FD66FFBD1BDBAEEC00C1B4A1 /* ContactsAndGroups.h */ = {isa = PBXFileReference; fileEncoding = 4; lastKnownFileType = sourcecode.c.h; path = ContactsAndGroups.h; sourceTree = "<group>"; };
		FD66FFBE1BDBAEEC00C1B4A1 /* ContactsAndGroups.m */ = {isa = PBXFileReference; fileEncoding = 4; lastKnownFileType = sourcecode.c.objc; path = ContactsAndGroups.m; sourceTree = "<group>"; };
		FD691DB61BE886BF003D56FC /* DialogViewController.h */ = {isa = PBXFileReference; fileEncoding = 4; lastKnownFileType = sourcecode.c.h; path = DialogViewController.h; sourceTree = "<group>"; };
		FD691DB71BE886BF003D56FC /* DialogViewController.m */ = {isa = PBXFileReference; fileEncoding = 4; lastKnownFileType = sourcecode.c.objc; path = DialogViewController.m; sourceTree = "<group>"; };
		FD691DBF1BEA7A08003D56FC /* EnterUsername.h */ = {isa = PBXFileReference; fileEncoding = 4; lastKnownFileType = sourcecode.c.h; path = EnterUsername.h; sourceTree = "<group>"; };
		FD691DC01BEA7A08003D56FC /* EnterUsername.m */ = {isa = PBXFileReference; fileEncoding = 4; lastKnownFileType = sourcecode.c.objc; path = EnterUsername.m; sourceTree = "<group>"; };
		FD7013531BFFB7FB00D81F44 /* IncomingViewController.h */ = {isa = PBXFileReference; fileEncoding = 4; lastKnownFileType = sourcecode.c.h; path = IncomingViewController.h; sourceTree = "<group>"; };
		FD7013541BFFB7FB00D81F44 /* IncomingViewController.m */ = {isa = PBXFileReference; fileEncoding = 4; lastKnownFileType = sourcecode.c.objc; path = IncomingViewController.m; sourceTree = "<group>"; };
		FD71D1C51BCCE6530056EA7F /* main.m */ = {isa = PBXFileReference; lastKnownFileType = sourcecode.c.objc; path = main.m; sourceTree = "<group>"; };
		FD71D1C71BCCE6530056EA7F /* AppDelegate.h */ = {isa = PBXFileReference; lastKnownFileType = sourcecode.c.h; path = AppDelegate.h; sourceTree = "<group>"; };
		FD71D1C81BCCE6530056EA7F /* AppDelegate.m */ = {isa = PBXFileReference; lastKnownFileType = sourcecode.c.objc; path = AppDelegate.m; sourceTree = "<group>"; };
		FD71D1CA1BCCE6530056EA7F /* RegistrationViewController.h */ = {isa = PBXFileReference; lastKnownFileType = sourcecode.c.h; path = RegistrationViewController.h; sourceTree = "<group>"; };
		FD71D1CB1BCCE6530056EA7F /* RegistrationViewController.m */ = {isa = PBXFileReference; lastKnownFileType = sourcecode.c.objc; path = RegistrationViewController.m; sourceTree = "<group>"; usesTabs = 0; };
		FD71D1CE1BCCE6530056EA7F /* Base */ = {isa = PBXFileReference; lastKnownFileType = file.storyboard; name = Base; path = Base.lproj/Main.storyboard; sourceTree = "<group>"; };
		FD71D1D01BCCE6530056EA7F /* Assets.xcassets */ = {isa = PBXFileReference; lastKnownFileType = folder.assetcatalog; path = Assets.xcassets; sourceTree = "<group>"; };
		FD71D1D31BCCE6530056EA7F /* Base */ = {isa = PBXFileReference; lastKnownFileType = file.storyboard; name = Base; path = Base.lproj/LaunchScreen.storyboard; sourceTree = "<group>"; };
		FD71D1D51BCCE6530056EA7F /* Info.plist */ = {isa = PBXFileReference; lastKnownFileType = text.plist.xml; path = Info.plist; sourceTree = "<group>"; };
		FD71D1DE1BCCE6530056EA7F /* New_Video_Chat_ProjectTests.m */ = {isa = PBXFileReference; lastKnownFileType = sourcecode.c.objc; path = New_Video_Chat_ProjectTests.m; sourceTree = "<group>"; };
		FD71D1E01BCCE6530056EA7F /* Info.plist */ = {isa = PBXFileReference; lastKnownFileType = text.plist.xml; path = Info.plist; sourceTree = "<group>"; };
		FD71D1E91BCCE6530056EA7F /* New_Video_Chat_ProjectUITests.m */ = {isa = PBXFileReference; lastKnownFileType = sourcecode.c.objc; path = New_Video_Chat_ProjectUITests.m; sourceTree = "<group>"; };
		FD71D1EB1BCCE6530056EA7F /* Info.plist */ = {isa = PBXFileReference; lastKnownFileType = text.plist.xml; path = Info.plist; sourceTree = "<group>"; };
		FD71D2011BCE2F9A0056EA7F /* VerifyCodeViewController.h */ = {isa = PBXFileReference; fileEncoding = 4; lastKnownFileType = sourcecode.c.h; path = VerifyCodeViewController.h; sourceTree = "<group>"; };
		FD71D2021BCE2F9A0056EA7F /* VerifyCodeViewController.m */ = {isa = PBXFileReference; fileEncoding = 4; lastKnownFileType = sourcecode.c.objc; path = VerifyCodeViewController.m; sourceTree = "<group>"; };
		FD71D24D1BCF7FF70056EA7F /* IntroToProfileViewController.h */ = {isa = PBXFileReference; fileEncoding = 4; lastKnownFileType = sourcecode.c.h; path = IntroToProfileViewController.h; sourceTree = "<group>"; };
		FD71D24E1BCF7FF70056EA7F /* IntroToProfileViewController.m */ = {isa = PBXFileReference; fileEncoding = 4; lastKnownFileType = sourcecode.c.objc; path = IntroToProfileViewController.m; sourceTree = "<group>"; };
		FD71D2501BD048250056EA7F /* MainViewController.h */ = {isa = PBXFileReference; fileEncoding = 4; lastKnownFileType = sourcecode.c.h; path = MainViewController.h; sourceTree = "<group>"; };
		FD71D2511BD048250056EA7F /* MainViewController.m */ = {isa = PBXFileReference; fileEncoding = 4; lastKnownFileType = sourcecode.c.objc; path = MainViewController.m; sourceTree = "<group>"; };
		FD71D2531BD0487D0056EA7F /* MainTableViewCell.h */ = {isa = PBXFileReference; fileEncoding = 4; lastKnownFileType = sourcecode.c.h; path = MainTableViewCell.h; sourceTree = "<group>"; };
		FD71D2541BD0487D0056EA7F /* MainTableViewCell.m */ = {isa = PBXFileReference; fileEncoding = 4; lastKnownFileType = sourcecode.c.objc; path = MainTableViewCell.m; sourceTree = "<group>"; };
		FD9D6E271C11425E001B17F9 /* New Video Chat ProjectTests.xctest */ = {isa = PBXFileReference; explicitFileType = wrapper.cfbundle; includeInIndex = 0; path = "New Video Chat ProjectTests.xctest"; sourceTree = BUILT_PRODUCTS_DIR; };
		FD9D6E281C11425E001B17F9 /* New Video Chat ProjectUITests.xctest */ = {isa = PBXFileReference; explicitFileType = wrapper.cfbundle; includeInIndex = 0; path = "New Video Chat ProjectUITests.xctest"; sourceTree = BUILT_PRODUCTS_DIR; };
		FDAE6C1F1C06429800399489 /* QCMethod.h */ = {isa = PBXFileReference; fileEncoding = 4; lastKnownFileType = sourcecode.c.h; path = QCMethod.h; sourceTree = "<group>"; };
		FDAE6C201C06429800399489 /* QCMethod.m */ = {isa = PBXFileReference; fileEncoding = 4; lastKnownFileType = sourcecode.c.objc; path = QCMethod.m; sourceTree = "<group>"; };
		FDAE6C2B1C07D20B00399489 /* UserIsTypingCell.h */ = {isa = PBXFileReference; fileEncoding = 4; lastKnownFileType = sourcecode.c.h; path = UserIsTypingCell.h; sourceTree = "<group>"; };
		FDAE6C2C1C07D20B00399489 /* UserIsTypingCell.m */ = {isa = PBXFileReference; fileEncoding = 4; lastKnownFileType = sourcecode.c.objc; path = UserIsTypingCell.m; sourceTree = "<group>"; };
		FDAE6C2E1C08853700399489 /* CustomView.h */ = {isa = PBXFileReference; fileEncoding = 4; lastKnownFileType = sourcecode.c.h; path = CustomView.h; sourceTree = "<group>"; };
		FDAE6C2F1C08853700399489 /* CustomView.m */ = {isa = PBXFileReference; fileEncoding = 4; lastKnownFileType = sourcecode.c.objc; path = CustomView.m; sourceTree = "<group>"; };
		FDAE6C311C08CCD400399489 /* UserImageVC.h */ = {isa = PBXFileReference; fileEncoding = 4; lastKnownFileType = sourcecode.c.h; path = UserImageVC.h; sourceTree = "<group>"; };
		FDAE6C321C08CCD400399489 /* UserImageVC.m */ = {isa = PBXFileReference; fileEncoding = 4; lastKnownFileType = sourcecode.c.objc; path = UserImageVC.m; sourceTree = "<group>"; };
		FDF135071C11424F001767C1 /* New Video Chat Project.app */ = {isa = PBXFileReference; explicitFileType = wrapper.application; includeInIndex = 0; path = "New Video Chat Project.app"; sourceTree = BUILT_PRODUCTS_DIR; };
		FDF135081C1142D0001767C1 /* Accelerate.framework */ = {isa = PBXFileReference; lastKnownFileType = wrapper.framework; name = Accelerate.framework; path = System/Library/Frameworks/Accelerate.framework; sourceTree = SDKROOT; };
		FDF135091C1142D0001767C1 /* Accounts.framework */ = {isa = PBXFileReference; lastKnownFileType = wrapper.framework; name = Accounts.framework; path = System/Library/Frameworks/Accounts.framework; sourceTree = SDKROOT; };
		FDF1350A1C1142D0001767C1 /* AddressBook.framework */ = {isa = PBXFileReference; lastKnownFileType = wrapper.framework; name = AddressBook.framework; path = System/Library/Frameworks/AddressBook.framework; sourceTree = SDKROOT; };
		FDF1350B1C1142D0001767C1 /* AddressBookUI.framework */ = {isa = PBXFileReference; lastKnownFileType = wrapper.framework; name = AddressBookUI.framework; path = System/Library/Frameworks/AddressBookUI.framework; sourceTree = SDKROOT; };
		FDF1350C1C1142D0001767C1 /* AudioToolbox.framework */ = {isa = PBXFileReference; lastKnownFileType = wrapper.framework; name = AudioToolbox.framework; path = System/Library/Frameworks/AudioToolbox.framework; sourceTree = SDKROOT; };
		FDF1350D1C1142D0001767C1 /* CFNetwork.framework */ = {isa = PBXFileReference; lastKnownFileType = wrapper.framework; name = CFNetwork.framework; path = System/Library/Frameworks/CFNetwork.framework; sourceTree = SDKROOT; };
		FDF1350E1C1142D0001767C1 /* Contacts.framework */ = {isa = PBXFileReference; lastKnownFileType = wrapper.framework; name = Contacts.framework; path = System/Library/Frameworks/Contacts.framework; sourceTree = SDKROOT; };
		FDF1350F1C1142D0001767C1 /* ContactsUI.framework */ = {isa = PBXFileReference; lastKnownFileType = wrapper.framework; name = ContactsUI.framework; path = System/Library/Frameworks/ContactsUI.framework; sourceTree = SDKROOT; };
		FDF135101C1142D0001767C1 /* GLKit.framework */ = {isa = PBXFileReference; lastKnownFileType = wrapper.framework; name = GLKit.framework; path = System/Library/Frameworks/GLKit.framework; sourceTree = SDKROOT; };
		FDF135111C1142D0001767C1 /* libc++.tbd */ = {isa = PBXFileReference; lastKnownFileType = "sourcecode.text-based-dylib-definition"; name = "libc++.tbd"; path = "usr/lib/libc++.tbd"; sourceTree = SDKROOT; };
		FDF135121C1142D0001767C1 /* libsqlite3.tbd */ = {isa = PBXFileReference; lastKnownFileType = "sourcecode.text-based-dylib-definition"; name = libsqlite3.tbd; path = usr/lib/libsqlite3.tbd; sourceTree = SDKROOT; };
		FDF135131C1142D0001767C1 /* libstdc++.tbd */ = {isa = PBXFileReference; lastKnownFileType = "sourcecode.text-based-dylib-definition"; name = "libstdc++.tbd"; path = "usr/lib/libstdc++.tbd"; sourceTree = SDKROOT; };
		FDF135141C1142D0001767C1 /* libz.tbd */ = {isa = PBXFileReference; lastKnownFileType = "sourcecode.text-based-dylib-definition"; name = libz.tbd; path = usr/lib/libz.tbd; sourceTree = SDKROOT; };
		FDF135151C1142D0001767C1 /* MobileCoreServices.framework */ = {isa = PBXFileReference; lastKnownFileType = wrapper.framework; name = MobileCoreServices.framework; path = System/Library/Frameworks/MobileCoreServices.framework; sourceTree = SDKROOT; };
		FDF135161C1142D0001767C1 /* NotificationCenter.framework */ = {isa = PBXFileReference; lastKnownFileType = wrapper.framework; name = NotificationCenter.framework; path = System/Library/Frameworks/NotificationCenter.framework; sourceTree = SDKROOT; };
		FDF135171C1142D0001767C1 /* QuartzCore.framework */ = {isa = PBXFileReference; lastKnownFileType = wrapper.framework; name = QuartzCore.framework; path = System/Library/Frameworks/QuartzCore.framework; sourceTree = SDKROOT; };
		FDF135181C1142D0001767C1 /* Security.framework */ = {isa = PBXFileReference; lastKnownFileType = wrapper.framework; name = Security.framework; path = System/Library/Frameworks/Security.framework; sourceTree = SDKROOT; };
		FDF135191C1142D0001767C1 /* Social.framework */ = {isa = PBXFileReference; lastKnownFileType = wrapper.framework; name = Social.framework; path = System/Library/Frameworks/Social.framework; sourceTree = SDKROOT; };
		FDF1351A1C1142D0001767C1 /* SystemConfiguration.framework */ = {isa = PBXFileReference; lastKnownFileType = wrapper.framework; name = SystemConfiguration.framework; path = System/Library/Frameworks/SystemConfiguration.framework; sourceTree = SDKROOT; };
		FDF1351B1C1142D0001767C1 /* UIKit.framework */ = {isa = PBXFileReference; lastKnownFileType = wrapper.framework; name = UIKit.framework; path = System/Library/Frameworks/UIKit.framework; sourceTree = SDKROOT; };
		FDF1351C1C1142D0001767C1 /* VideoToolbox.framework */ = {isa = PBXFileReference; lastKnownFileType = wrapper.framework; name = VideoToolbox.framework; path = System/Library/Frameworks/VideoToolbox.framework; sourceTree = SDKROOT; };
/* End PBXFileReference section */

/* Begin PBXFrameworksBuildPhase section */
		FD71D1BE1BCCE6530056EA7F /* Frameworks */ = {
			isa = PBXFrameworksBuildPhase;
			buildActionMask = 2147483647;
			files = (
				FDF1351D1C1142D0001767C1 /* Accelerate.framework in Frameworks */,
				FDF1351E1C1142D0001767C1 /* Accounts.framework in Frameworks */,
				FDF1351F1C1142D0001767C1 /* AddressBook.framework in Frameworks */,
				FDF135201C1142D0001767C1 /* AddressBookUI.framework in Frameworks */,
				FDF135211C1142D0001767C1 /* AudioToolbox.framework in Frameworks */,
				FDF135221C1142D0001767C1 /* CFNetwork.framework in Frameworks */,
				FDF135231C1142D0001767C1 /* Contacts.framework in Frameworks */,
				FDF135241C1142D0001767C1 /* ContactsUI.framework in Frameworks */,
				FDF135251C1142D0001767C1 /* GLKit.framework in Frameworks */,
				FDF135261C1142D0001767C1 /* libc++.tbd in Frameworks */,
				FDF135271C1142D0001767C1 /* libsqlite3.tbd in Frameworks */,
				FDF135281C1142D0001767C1 /* libstdc++.tbd in Frameworks */,
				FDF135291C1142D0001767C1 /* libz.tbd in Frameworks */,
				FDF1352A1C1142D0001767C1 /* MobileCoreServices.framework in Frameworks */,
				FDF1352B1C1142D0001767C1 /* NotificationCenter.framework in Frameworks */,
				FDF1352C1C1142D0001767C1 /* QuartzCore.framework in Frameworks */,
				FDF1352D1C1142D0001767C1 /* Security.framework in Frameworks */,
				FDF1352E1C1142D0001767C1 /* Social.framework in Frameworks */,
				FDF1352F1C1142D0001767C1 /* SystemConfiguration.framework in Frameworks */,
				FDF135301C1142D0001767C1 /* UIKit.framework in Frameworks */,
				FDF135311C1142D0001767C1 /* VideoToolbox.framework in Frameworks */,
				2D7B8E1C06174C9D62DBB90D /* libPods-New Video Chat Project.a in Frameworks */,
			);
			runOnlyForDeploymentPostprocessing = 0;
		};
		FD71D1D71BCCE6530056EA7F /* Frameworks */ = {
			isa = PBXFrameworksBuildPhase;
			buildActionMask = 2147483647;
			files = (
			);
			runOnlyForDeploymentPostprocessing = 0;
		};
		FD71D1E21BCCE6530056EA7F /* Frameworks */ = {
			isa = PBXFrameworksBuildPhase;
			buildActionMask = 2147483647;
			files = (
			);
			runOnlyForDeploymentPostprocessing = 0;
		};
/* End PBXFrameworksBuildPhase section */

/* Begin PBXGroup section */
		AE7EB8326A477321ACC4F3BC /* Pods */ = {
			isa = PBXGroup;
			children = (
				6321B8E4EB3EA1A3AEE14DD4 /* Pods-New Video Chat Project.debug.xcconfig */,
				D502ED263FA04957F5B13054 /* Pods-New Video Chat Project.release.xcconfig */,
			);
			name = Pods;
			sourceTree = "<group>";
		};
		BC61BC967A60BBD6636975EF /* Frameworks */ = {
			isa = PBXGroup;
			children = (
				FDF135081C1142D0001767C1 /* Accelerate.framework */,
				FDF135091C1142D0001767C1 /* Accounts.framework */,
				FDF1350A1C1142D0001767C1 /* AddressBook.framework */,
				FDF1350B1C1142D0001767C1 /* AddressBookUI.framework */,
				FDF1350C1C1142D0001767C1 /* AudioToolbox.framework */,
				FDF1350D1C1142D0001767C1 /* CFNetwork.framework */,
				FDF1350E1C1142D0001767C1 /* Contacts.framework */,
				FDF1350F1C1142D0001767C1 /* ContactsUI.framework */,
				FDF135101C1142D0001767C1 /* GLKit.framework */,
				FDF135111C1142D0001767C1 /* libc++.tbd */,
				FDF135121C1142D0001767C1 /* libsqlite3.tbd */,
				FDF135131C1142D0001767C1 /* libstdc++.tbd */,
				FDF135141C1142D0001767C1 /* libz.tbd */,
				FDF135151C1142D0001767C1 /* MobileCoreServices.framework */,
				FDF135161C1142D0001767C1 /* NotificationCenter.framework */,
				FDF135171C1142D0001767C1 /* QuartzCore.framework */,
				FDF135181C1142D0001767C1 /* Security.framework */,
				FDF135191C1142D0001767C1 /* Social.framework */,
				FDF1351A1C1142D0001767C1 /* SystemConfiguration.framework */,
				FDF1351B1C1142D0001767C1 /* UIKit.framework */,
				FDF1351C1C1142D0001767C1 /* VideoToolbox.framework */,
				8107CD358192AB5726B1A79D /* libPods-New Video Chat Project.a */,
			);
			name = Frameworks;
			sourceTree = "<group>";
		};
		FD0D187B1BF1362A0034FDC1 /* WebCore */ = {
			isa = PBXGroup;
			children = (
				FD0D187C1BF1362A0034FDC1 /* FloatConversion.h */,
				FD0D187D1BF1362A0034FDC1 /* TransformationMatrix.cpp */,
				FD0D187E1BF1362A0034FDC1 /* TransformationMatrix.h */,
				FD0D187F1BF1362A0034FDC1 /* UnitBezier.h */,
			);
			path = WebCore;
			sourceTree = "<group>";
		};
		FD0D18941BF136350034FDC1 /* Pop */ = {
			isa = PBXGroup;
			children = (
				FD0D18491BF1362A0034FDC1 /* module.modulemap */,
				FD0D184A1BF1362A0034FDC1 /* pop-ios-Info.plist */,
				FD0D184B1BF1362A0034FDC1 /* pop-osx-Info.plist */,
				FD0D184C1BF1362A0034FDC1 /* POP.h */,
				FD0D184D1BF1362A0034FDC1 /* POPAction.h */,
				FD0D184E1BF1362A0034FDC1 /* POPAnimatableProperty.h */,
				FD0D184F1BF1362A0034FDC1 /* POPAnimatableProperty.mm */,
				FD0D18501BF1362A0034FDC1 /* POPAnimation.h */,
				FD0D18511BF1362A0034FDC1 /* POPAnimation.mm */,
				FD0D18521BF1362A0034FDC1 /* POPAnimationEvent.h */,
				FD0D18531BF1362A0034FDC1 /* POPAnimationEvent.mm */,
				FD0D18541BF1362A0034FDC1 /* POPAnimationEventInternal.h */,
				FD0D18551BF1362A0034FDC1 /* POPAnimationExtras.h */,
				FD0D18561BF1362A0034FDC1 /* POPAnimationExtras.mm */,
				FD0D18571BF1362A0034FDC1 /* POPAnimationInternal.h */,
				FD0D18581BF1362A0034FDC1 /* POPAnimationPrivate.h */,
				FD0D18591BF1362A0034FDC1 /* POPAnimationRuntime.h */,
				FD0D185A1BF1362A0034FDC1 /* POPAnimationRuntime.mm */,
				FD0D185B1BF1362A0034FDC1 /* POPAnimationTracer.h */,
				FD0D185C1BF1362A0034FDC1 /* POPAnimationTracer.mm */,
				FD0D185D1BF1362A0034FDC1 /* POPAnimationTracerInternal.h */,
				FD0D185E1BF1362A0034FDC1 /* POPAnimator.h */,
				FD0D185F1BF1362A0034FDC1 /* POPAnimator.mm */,
				FD0D18601BF1362A0034FDC1 /* POPAnimatorPrivate.h */,
				FD0D18611BF1362A0034FDC1 /* POPBasicAnimation.h */,
				FD0D18621BF1362A0034FDC1 /* POPBasicAnimation.mm */,
				FD0D18631BF1362A0034FDC1 /* POPBasicAnimationInternal.h */,
				FD0D18641BF1362A0034FDC1 /* POPCGUtils.h */,
				FD0D18651BF1362A0034FDC1 /* POPCGUtils.mm */,
				FD0D18661BF1362A0034FDC1 /* POPCustomAnimation.h */,
				FD0D18671BF1362A0034FDC1 /* POPCustomAnimation.mm */,
				FD0D18681BF1362A0034FDC1 /* POPDecayAnimation.h */,
				FD0D18691BF1362A0034FDC1 /* POPDecayAnimation.mm */,
				FD0D186A1BF1362A0034FDC1 /* POPDecayAnimationInternal.h */,
				FD0D186B1BF1362A0034FDC1 /* POPDefines.h */,
				FD0D186C1BF1362A0034FDC1 /* POPGeometry.h */,
				FD0D186D1BF1362A0034FDC1 /* POPGeometry.mm */,
				FD0D186E1BF1362A0034FDC1 /* POPLayerExtras.h */,
				FD0D186F1BF1362A0034FDC1 /* POPLayerExtras.mm */,
				FD0D18701BF1362A0034FDC1 /* POPMath.h */,
				FD0D18711BF1362A0034FDC1 /* POPMath.mm */,
				FD0D18721BF1362A0034FDC1 /* POPPropertyAnimation.h */,
				FD0D18731BF1362A0034FDC1 /* POPPropertyAnimation.mm */,
				FD0D18741BF1362A0034FDC1 /* POPPropertyAnimationInternal.h */,
				FD0D18751BF1362A0034FDC1 /* POPSpringAnimation.h */,
				FD0D18761BF1362A0034FDC1 /* POPSpringAnimation.mm */,
				FD0D18771BF1362A0034FDC1 /* POPSpringAnimationInternal.h */,
				FD0D18781BF1362A0034FDC1 /* POPSpringSolver.h */,
				FD0D18791BF1362A0034FDC1 /* POPVector.h */,
				FD0D187A1BF1362A0034FDC1 /* POPVector.mm */,
				FD0D187B1BF1362A0034FDC1 /* WebCore */,
			);
			name = Pop;
			sourceTree = "<group>";
		};
		FD0E09101BFAF16800A768D4 /* IntroductionVC's */ = {
			isa = PBXGroup;
			children = (
				FD71D1CA1BCCE6530056EA7F /* RegistrationViewController.h */,
				FD71D1CB1BCCE6530056EA7F /* RegistrationViewController.m */,
				FD691DBF1BEA7A08003D56FC /* EnterUsername.h */,
				FD691DC01BEA7A08003D56FC /* EnterUsername.m */,
				FD71D2011BCE2F9A0056EA7F /* VerifyCodeViewController.h */,
				FD71D2021BCE2F9A0056EA7F /* VerifyCodeViewController.m */,
				FD71D24D1BCF7FF70056EA7F /* IntroToProfileViewController.h */,
				FD71D24E1BCF7FF70056EA7F /* IntroToProfileViewController.m */,
			);
			name = "IntroductionVC's";
			sourceTree = "<group>";
		};
		FD0E09111BFAF1AB00A768D4 /* CreateGroupChatVC's */ = {
			isa = PBXGroup;
			children = (
				FD3DFD241BF6B0E300E93192 /* CreatGroupVC.h */,
				FD3DFD251BF6B0E300E93192 /* CreatGroupVC.m */,
				FD3DFD261BF6B0E300E93192 /* ContactListViewController.h */,
				FD3DFD271BF6B0E300E93192 /* ContactListViewController.m */,
			);
			name = "CreateGroupChatVC's";
			sourceTree = "<group>";
		};
		FD0E09121BFAF1CD00A768D4 /* MainVC */ = {
			isa = PBXGroup;
			children = (
				FD71D2501BD048250056EA7F /* MainViewController.h */,
				FD71D2511BD048250056EA7F /* MainViewController.m */,
			);
			name = MainVC;
			sourceTree = "<group>";
		};
		FD0E09131BFAF1EA00A768D4 /* Profilve VC's */ = {
			isa = PBXGroup;
			children = (
				FD6600221BE0169500C1B4A1 /* ProfileViewController.h */,
				FD6600231BE0169500C1B4A1 /* ProfileViewController.m */,
				FD07AA191BE174E3005EB685 /* ProfileSettingsViewController.h */,
				FD07AA1A1BE174E3005EB685 /* ProfileSettingsViewController.m */,
				FD2C80491BF726310064CC34 /* UserProfileViewController.h */,
				FD2C804A1BF726310064CC34 /* UserProfileViewController.m */,
			);
			name = "Profilve VC's";
			sourceTree = "<group>";
		};
		FD0E09141BFAF20B00A768D4 /* ContactsAndGroupsVC */ = {
			isa = PBXGroup;
			children = (
				FD66FFBD1BDBAEEC00C1B4A1 /* ContactsAndGroups.h */,
				FD66FFBE1BDBAEEC00C1B4A1 /* ContactsAndGroups.m */,
			);
			name = ContactsAndGroupsVC;
			sourceTree = "<group>";
		};
		FD0E09151BFAF21D00A768D4 /* DIalogVC */ = {
			isa = PBXGroup;
			children = (
				FD549A451C1D55C5000199E5 /* ContentView.h */,
				FD549A461C1D55C5000199E5 /* ContentView.m */,
				FD691DB61BE886BF003D56FC /* DialogViewController.h */,
				FD691DB71BE886BF003D56FC /* DialogViewController.m */,
				FD5C1BD51C154DED00BD52B0 /* DIalogSettingViewController.h */,
				FD5C1BD61C154DED00BD52B0 /* DIalogSettingViewController.m */,
				FD5411301C0F5F8F0072780B /* OpponentCollectionViewCell.h */,
				FD5411311C0F5F8F0072780B /* OpponentCollectionViewCell.m */,
				FDAE6C311C08CCD400399489 /* UserImageVC.h */,
				FDAE6C321C08CCD400399489 /* UserImageVC.m */,
				FD2B520F1C0D3920005F76E5 /* ChatInfoPopOverVC */,
				FD2B52101C0D395C005F76E5 /* IncomingVC */,
			);
			name = DIalogVC;
			sourceTree = "<group>";
		};
		FD0E09161BFAF25E00A768D4 /* ConfigurationVC's */ = {
			isa = PBXGroup;
			children = (
				FD03AC0E1BEBD15B0077CD61 /* Types.h */,
				FD71D1C71BCCE6530056EA7F /* AppDelegate.h */,
				FD71D1C81BCCE6530056EA7F /* AppDelegate.m */,
				FDAE6C1F1C06429800399489 /* QCMethod.h */,
				FDAE6C201C06429800399489 /* QCMethod.m */,
			);
			name = "ConfigurationVC's";
			sourceTree = "<group>";
		};
		FD2B520F1C0D3920005F76E5 /* ChatInfoPopOverVC */ = {
			isa = PBXGroup;
			children = (
				FD5F09201C09F65A00737225 /* GroupChatInfoPopOver.h */,
				FD5F09211C09F65A00737225 /* GroupChatInfoPopOver.m */,
				FD5F093E1C0AB85900737225 /* PrivateChatUserInfo.h */,
				FD5F093F1C0AB85900737225 /* PrivateChatUserInfo.m */,
			);
			name = ChatInfoPopOverVC;
			sourceTree = "<group>";
		};
		FD2B52101C0D395C005F76E5 /* IncomingVC */ = {
			isa = PBXGroup;
			children = (
				FD7013531BFFB7FB00D81F44 /* IncomingViewController.h */,
				FD7013541BFFB7FB00D81F44 /* IncomingViewController.m */,
			);
			name = IncomingVC;
			sourceTree = "<group>";
		};
		FD6600181BDC26BC00C1B4A1 /* SWRevealViewController */ = {
			isa = PBXGroup;
			children = (
				FD6600161BDC26B100C1B4A1 /* SWRevealViewController.h */,
				FD6600151BDC26B100C1B4A1 /* SWRevealViewController.m */,
			);
			name = SWRevealViewController;
			sourceTree = "<group>";
		};
		FD66FFBA1BDBA26500C1B4A1 /* Pop Animation */ = {
			isa = PBXGroup;
			children = (
				FD0D18941BF136350034FDC1 /* Pop */,
				FD32C9491BD7A8EC0098E0DF /* PresentingAnimationController.m */,
				FD32C94A1BD7A8EC0098E0DF /* DismissingAnimationController.h */,
				FD32C94B1BD7A8EC0098E0DF /* DismissingAnimationController.m */,
				FD32C9481BD7A8EC0098E0DF /* PresentingAnimationController.h */,
			);
			name = "Pop Animation";
			sourceTree = "<group>";
		};
		FD66FFBB1BDBA2B100C1B4A1 /* Custom Cells */ = {
			isa = PBXGroup;
			children = (
				FD0E090D1BFADD4200A768D4 /* ContactListTableViewCell.h */,
				FD0E090E1BFADD4200A768D4 /* ContactListTableViewCell.m */,
				FD0E09071BF9E4A300A768D4 /* IncomingTableViewCell.h */,
				FD0E09081BF9E4A300A768D4 /* IncomingTableViewCell.m */,
				FD0E090A1BF9E4C400A768D4 /* OutgointTableViewCell.h */,
				FD0E090B1BF9E4C400A768D4 /* OutgointTableViewCell.m */,
				FD71D2531BD0487D0056EA7F /* MainTableViewCell.h */,
				FD71D2541BD0487D0056EA7F /* MainTableViewCell.m */,
				FD66001F1BDEFF7000C1B4A1 /* ContactsAndGroupsTableViewCell.h */,
				FD6600201BDEFF7000C1B4A1 /* ContactsAndGroupsTableViewCell.m */,
				FD455A961BE0855E000B181A /* ProfileMenuTableViewCell.h */,
				FD455A971BE0855E000B181A /* ProfileMenuTableViewCell.m */,
				FDAE6C2B1C07D20B00399489 /* UserIsTypingCell.h */,
				FDAE6C2C1C07D20B00399489 /* UserIsTypingCell.m */,
				FD5F09471C0C7C3200737225 /* GroupInfoCell.h */,
				FD5F09481C0C7C3200737225 /* GroupInfoCell.m */,
				FD5F09441C0B572700737225 /* UserInfoCell.h */,
				FD5F09451C0B572700737225 /* UserInfoCell.m */,
				FD5F093B1C0AACCE00737225 /* AddParticipantsTableViewCell.h */,
				FD5F093C1C0AACCE00737225 /* AddParticipantsTableViewCell.m */,
				FD5F09261C0A8CEF00737225 /* AllMediaCollectionViewCell.h */,
				FD5F09271C0A8CEF00737225 /* AllMediaCollectionViewCell.m */,
			);
			name = "Custom Cells";
			sourceTree = "<group>";
		};
		FD66FFBC1BDBA30600C1B4A1 /* Data Models */ = {
			isa = PBXGroup;
			children = (
				FD3DFD2A1BF6B22400E93192 /* UsersPaginator.h */,
				FD3DFD2B1BF6B22400E93192 /* UsersPaginator.m */,
				FD3DFD2C1BF6B22400E93192 /* NMPaginator.h */,
				FD3DFD2D1BF6B22400E93192 /* NMPaginator.m */,
				FD3DFD2E1BF6B22400E93192 /* Storage.h */,
				FD3DFD2F1BF6B22400E93192 /* Storage.m */,
				FDAE6C2E1C08853700399489 /* CustomView.h */,
				FDAE6C2F1C08853700399489 /* CustomView.m */,
			);
			name = "Data Models";
			sourceTree = "<group>";
		};
		FD71D1B81BCCE6530056EA7F = {
			isa = PBXGroup;
			children = (
				FD71D1C31BCCE6530056EA7F /* New Video Chat Project */,
				FD71D1DD1BCCE6530056EA7F /* New Video Chat ProjectTests */,
				FD71D1E81BCCE6530056EA7F /* New Video Chat ProjectUITests */,
				AE7EB8326A477321ACC4F3BC /* Pods */,
				FDF135071C11424F001767C1 /* New Video Chat Project.app */,
				BC61BC967A60BBD6636975EF /* Frameworks */,
				FD9D6E271C11425E001B17F9 /* New Video Chat ProjectTests.xctest */,
				FD9D6E281C11425E001B17F9 /* New Video Chat ProjectUITests.xctest */,
			);
			sourceTree = "<group>";
			usesTabs = 0;
		};
		FD71D1C31BCCE6530056EA7F /* New Video Chat Project */ = {
			isa = PBXGroup;
			children = (
				FD66FFBB1BDBA2B100C1B4A1 /* Custom Cells */,
				FD66FFBC1BDBA30600C1B4A1 /* Data Models */,
				FD0E09161BFAF25E00A768D4 /* ConfigurationVC's */,
				FD0E09101BFAF16800A768D4 /* IntroductionVC's */,
				FD0E09121BFAF1CD00A768D4 /* MainVC */,
				FD0E09111BFAF1AB00A768D4 /* CreateGroupChatVC's */,
				FD0E09131BFAF1EA00A768D4 /* Profilve VC's */,
				FD0E09141BFAF20B00A768D4 /* ContactsAndGroupsVC */,
				FD0E09151BFAF21D00A768D4 /* DIalogVC */,
				FD71D1CD1BCCE6530056EA7F /* Main.storyboard */,
				FD71D1D21BCCE6530056EA7F /* LaunchScreen.storyboard */,
				FD71D1D01BCCE6530056EA7F /* Assets.xcassets */,
				FD66FFBA1BDBA26500C1B4A1 /* Pop Animation */,
				FD6600181BDC26BC00C1B4A1 /* SWRevealViewController */,
				FD71D1C41BCCE6530056EA7F /* Supporting Files */,
			);
			path = "New Video Chat Project";
			sourceTree = "<group>";
		};
		FD71D1C41BCCE6530056EA7F /* Supporting Files */ = {
			isa = PBXGroup;
			children = (
				FD71D1D51BCCE6530056EA7F /* Info.plist */,
				FD71D1C51BCCE6530056EA7F /* main.m */,
			);
			name = "Supporting Files";
			sourceTree = "<group>";
		};
		FD71D1DD1BCCE6530056EA7F /* New Video Chat ProjectTests */ = {
			isa = PBXGroup;
			children = (
				FD71D1DE1BCCE6530056EA7F /* New_Video_Chat_ProjectTests.m */,
				FD71D1E01BCCE6530056EA7F /* Info.plist */,
			);
			path = "New Video Chat ProjectTests";
			sourceTree = "<group>";
		};
		FD71D1E81BCCE6530056EA7F /* New Video Chat ProjectUITests */ = {
			isa = PBXGroup;
			children = (
				FD71D1E91BCCE6530056EA7F /* New_Video_Chat_ProjectUITests.m */,
				FD71D1EB1BCCE6530056EA7F /* Info.plist */,
			);
			path = "New Video Chat ProjectUITests";
			sourceTree = "<group>";
		};
/* End PBXGroup section */

/* Begin PBXNativeTarget section */
		FD71D1C01BCCE6530056EA7F /* New Video Chat Project */ = {
			isa = PBXNativeTarget;
			buildConfigurationList = FD71D1EE1BCCE6530056EA7F /* Build configuration list for PBXNativeTarget "New Video Chat Project" */;
			buildPhases = (
				FF0DC892610A71E769FD1795 /* Check Pods Manifest.lock */,
				FD71D1BD1BCCE6530056EA7F /* Sources */,
				FD71D1BE1BCCE6530056EA7F /* Frameworks */,
				FD71D1BF1BCCE6530056EA7F /* Resources */,
				FD38D2581BD0D04B0042EA83 /* Copy Files (1 item) */,
				DB5413753AEF97F40B95BF51 /* Embed Pods Frameworks */,
				285394B026A49A95A922C8DD /* Copy Pods Resources */,
			);
			buildRules = (
			);
			dependencies = (
			);
			name = "New Video Chat Project";
			productName = "New Video Chat Project";
			productReference = FDF135071C11424F001767C1 /* New Video Chat Project.app */;
			productType = "com.apple.product-type.application";
		};
		FD71D1D91BCCE6530056EA7F /* New Video Chat ProjectTests */ = {
			isa = PBXNativeTarget;
			buildConfigurationList = FD71D1F11BCCE6530056EA7F /* Build configuration list for PBXNativeTarget "New Video Chat ProjectTests" */;
			buildPhases = (
				FD71D1D61BCCE6530056EA7F /* Sources */,
				FD71D1D71BCCE6530056EA7F /* Frameworks */,
				FD71D1D81BCCE6530056EA7F /* Resources */,
			);
			buildRules = (
			);
			dependencies = (
				FD71D1DC1BCCE6530056EA7F /* PBXTargetDependency */,
			);
			name = "New Video Chat ProjectTests";
			productName = "New Video Chat ProjectTests";
			productReference = FD9D6E271C11425E001B17F9 /* New Video Chat ProjectTests.xctest */;
			productType = "com.apple.product-type.bundle.unit-test";
		};
		FD71D1E41BCCE6530056EA7F /* New Video Chat ProjectUITests */ = {
			isa = PBXNativeTarget;
			buildConfigurationList = FD71D1F41BCCE6530056EA7F /* Build configuration list for PBXNativeTarget "New Video Chat ProjectUITests" */;
			buildPhases = (
				FD71D1E11BCCE6530056EA7F /* Sources */,
				FD71D1E21BCCE6530056EA7F /* Frameworks */,
				FD71D1E31BCCE6530056EA7F /* Resources */,
			);
			buildRules = (
			);
			dependencies = (
				FD71D1E71BCCE6530056EA7F /* PBXTargetDependency */,
			);
			name = "New Video Chat ProjectUITests";
			productName = "New Video Chat ProjectUITests";
			productReference = FD9D6E281C11425E001B17F9 /* New Video Chat ProjectUITests.xctest */;
			productType = "com.apple.product-type.bundle.ui-testing";
		};
/* End PBXNativeTarget section */

/* Begin PBXProject section */
		FD71D1B91BCCE6530056EA7F /* Project object */ = {
			isa = PBXProject;
			attributes = {
				LastSwiftUpdateCheck = 0700;
				LastUpgradeCheck = 0700;
				ORGANIZATIONNAME = "Edil Ashimov";
				TargetAttributes = {
					FD71D1C01BCCE6530056EA7F = {
						CreatedOnToolsVersion = 7.0.1;
						DevelopmentTeam = LX84G6PTJX;
					};
					FD71D1D91BCCE6530056EA7F = {
						CreatedOnToolsVersion = 7.0.1;
						TestTargetID = FD71D1C01BCCE6530056EA7F;
					};
					FD71D1E41BCCE6530056EA7F = {
						CreatedOnToolsVersion = 7.0.1;
						TestTargetID = FD71D1C01BCCE6530056EA7F;
					};
				};
			};
			buildConfigurationList = FD71D1BC1BCCE6530056EA7F /* Build configuration list for PBXProject "New Video Chat Project" */;
			compatibilityVersion = "Xcode 3.2";
			developmentRegion = English;
			hasScannedForEncodings = 0;
			knownRegions = (
				en,
				Base,
			);
			mainGroup = FD71D1B81BCCE6530056EA7F;
			productRefGroup = FD71D1B81BCCE6530056EA7F;
			projectDirPath = "";
			projectRoot = "";
			targets = (
				FD71D1C01BCCE6530056EA7F /* New Video Chat Project */,
				FD71D1D91BCCE6530056EA7F /* New Video Chat ProjectTests */,
				FD71D1E41BCCE6530056EA7F /* New Video Chat ProjectUITests */,
			);
		};
/* End PBXProject section */

/* Begin PBXResourcesBuildPhase section */
		FD71D1BF1BCCE6530056EA7F /* Resources */ = {
			isa = PBXResourcesBuildPhase;
			buildActionMask = 2147483647;
			files = (
				FD0D18811BF1362A0034FDC1 /* pop-osx-Info.plist in Resources */,
				FD71D1D41BCCE6530056EA7F /* LaunchScreen.storyboard in Resources */,
				FD0D18801BF1362A0034FDC1 /* pop-ios-Info.plist in Resources */,
				FD71D1D11BCCE6530056EA7F /* Assets.xcassets in Resources */,
				FD71D1CF1BCCE6530056EA7F /* Main.storyboard in Resources */,
			);
			runOnlyForDeploymentPostprocessing = 0;
		};
		FD71D1D81BCCE6530056EA7F /* Resources */ = {
			isa = PBXResourcesBuildPhase;
			buildActionMask = 2147483647;
			files = (
			);
			runOnlyForDeploymentPostprocessing = 0;
		};
		FD71D1E31BCCE6530056EA7F /* Resources */ = {
			isa = PBXResourcesBuildPhase;
			buildActionMask = 2147483647;
			files = (
			);
			runOnlyForDeploymentPostprocessing = 0;
		};
/* End PBXResourcesBuildPhase section */

/* Begin PBXShellScriptBuildPhase section */
		285394B026A49A95A922C8DD /* Copy Pods Resources */ = {
			isa = PBXShellScriptBuildPhase;
			buildActionMask = 2147483647;
			files = (
			);
			inputPaths = (
			);
			name = "Copy Pods Resources";
			outputPaths = (
			);
			runOnlyForDeploymentPostprocessing = 0;
			shellPath = /bin/sh;
			shellScript = "\"${SRCROOT}/Pods/Target Support Files/Pods-New Video Chat Project/Pods-New Video Chat Project-resources.sh\"\n";
			showEnvVarsInLog = 0;
		};
		DB5413753AEF97F40B95BF51 /* Embed Pods Frameworks */ = {
			isa = PBXShellScriptBuildPhase;
			buildActionMask = 2147483647;
			files = (
			);
			inputPaths = (
			);
			name = "Embed Pods Frameworks";
			outputPaths = (
			);
			runOnlyForDeploymentPostprocessing = 0;
			shellPath = /bin/sh;
			shellScript = "\"${SRCROOT}/Pods/Target Support Files/Pods-New Video Chat Project/Pods-New Video Chat Project-frameworks.sh\"\n";
			showEnvVarsInLog = 0;
		};
		FF0DC892610A71E769FD1795 /* Check Pods Manifest.lock */ = {
			isa = PBXShellScriptBuildPhase;
			buildActionMask = 2147483647;
			files = (
			);
			inputPaths = (
			);
			name = "Check Pods Manifest.lock";
			outputPaths = (
			);
			runOnlyForDeploymentPostprocessing = 0;
			shellPath = /bin/sh;
			shellScript = "diff \"${PODS_ROOT}/../Podfile.lock\" \"${PODS_ROOT}/Manifest.lock\" > /dev/null\nif [[ $? != 0 ]] ; then\n    cat << EOM\nerror: The sandbox is not in sync with the Podfile.lock. Run 'pod install' or update your CocoaPods installation.\nEOM\n    exit 1\nfi\n";
			showEnvVarsInLog = 0;
		};
/* End PBXShellScriptBuildPhase section */

/* Begin PBXSourcesBuildPhase section */
		FD71D1BD1BCCE6530056EA7F /* Sources */ = {
			isa = PBXSourcesBuildPhase;
			buildActionMask = 2147483647;
			files = (
				FD455A981BE0855E000B181A /* ProfileMenuTableViewCell.m in Sources */,
				FD5C1BD71C154DED00BD52B0 /* DIalogSettingViewController.m in Sources */,
				FD71D24F1BCF7FF70056EA7F /* IntroToProfileViewController.m in Sources */,
				FD0D18901BF1362A0034FDC1 /* POPPropertyAnimation.mm in Sources */,
				FD0D18831BF1362A0034FDC1 /* POPAnimation.mm in Sources */,
				FD7013551BFFB80100D81F44 /* IncomingViewController.m in Sources */,
				FD0D18851BF1362A0034FDC1 /* POPAnimationExtras.mm in Sources */,
				FD6600211BDEFF7100C1B4A1 /* ContactsAndGroupsTableViewCell.m in Sources */,
				FD549A471C1D55C5000199E5 /* ContentView.m in Sources */,
				FD0D188D1BF1362A0034FDC1 /* POPGeometry.mm in Sources */,
				FD0D18931BF1362A0034FDC1 /* TransformationMatrix.cpp in Sources */,
				FDAE6C2D1C07D20B00399489 /* UserIsTypingCell.m in Sources */,
				FD0E090F1BFADD4200A768D4 /* ContactListTableViewCell.m in Sources */,
				FD5F09401C0AB85900737225 /* PrivateChatUserInfo.m in Sources */,
				FD07AA1B1BE174E3005EB685 /* ProfileSettingsViewController.m in Sources */,
				FD691DB81BE886BF003D56FC /* DialogViewController.m in Sources */,
				FD5411321C0F5F8F0072780B /* OpponentCollectionViewCell.m in Sources */,
				FDAE6C211C06429800399489 /* QCMethod.m in Sources */,
				FD0D18821BF1362A0034FDC1 /* POPAnimatableProperty.mm in Sources */,
				FD71D2521BD048250056EA7F /* MainViewController.m in Sources */,
				FD0D18921BF1362A0034FDC1 /* POPVector.mm in Sources */,
				FD3DFD301BF6B22400E93192 /* UsersPaginator.m in Sources */,
				FDAE6C301C08853700399489 /* CustomView.m in Sources */,
				FD0E09091BF9E4A300A768D4 /* IncomingTableViewCell.m in Sources */,
				FD5F09491C0C7C3200737225 /* GroupInfoCell.m in Sources */,
				FD0D18891BF1362A0034FDC1 /* POPBasicAnimation.mm in Sources */,
				FD0D188F1BF1362A0034FDC1 /* POPMath.mm in Sources */,
				FD71D2551BD0487D0056EA7F /* MainTableViewCell.m in Sources */,
				FD2C804B1BF726310064CC34 /* UserProfileViewController.m in Sources */,
				FD66FFBF1BDBAEEC00C1B4A1 /* ContactsAndGroups.m in Sources */,
				FD0D188B1BF1362A0034FDC1 /* POPCustomAnimation.mm in Sources */,
				FD71D2031BCE2F9A0056EA7F /* VerifyCodeViewController.m in Sources */,
				FD0D188E1BF1362A0034FDC1 /* POPLayerExtras.mm in Sources */,
				FD71D1CC1BCCE6530056EA7F /* RegistrationViewController.m in Sources */,
				FD5F09221C09F65A00737225 /* GroupChatInfoPopOver.m in Sources */,
				FD6600241BE0169500C1B4A1 /* ProfileViewController.m in Sources */,
				FD691DC11BEA7A08003D56FC /* EnterUsername.m in Sources */,
				FD6600171BDC26B200C1B4A1 /* SWRevealViewController.m in Sources */,
				FD0E090C1BF9E4C400A768D4 /* OutgointTableViewCell.m in Sources */,
				FD5F093D1C0AACCE00737225 /* AddParticipantsTableViewCell.m in Sources */,
				FD5F09281C0A8CEF00737225 /* AllMediaCollectionViewCell.m in Sources */,
				FD0D18861BF1362A0034FDC1 /* POPAnimationRuntime.mm in Sources */,
				FD3DFD321BF6B22400E93192 /* Storage.m in Sources */,
				FD71D1C91BCCE6530056EA7F /* AppDelegate.m in Sources */,
				FDAE6C331C08CCD400399489 /* UserImageVC.m in Sources */,
				FD3DFD311BF6B22400E93192 /* NMPaginator.m in Sources */,
				FD3DFD281BF6B0E300E93192 /* CreatGroupVC.m in Sources */,
				FD0D18911BF1362A0034FDC1 /* POPSpringAnimation.mm in Sources */,
				FD0D188A1BF1362A0034FDC1 /* POPCGUtils.mm in Sources */,
				FD32C94C1BD7A8EC0098E0DF /* PresentingAnimationController.m in Sources */,
				FD0D18841BF1362A0034FDC1 /* POPAnimationEvent.mm in Sources */,
				FD0D188C1BF1362A0034FDC1 /* POPDecayAnimation.mm in Sources */,
				FD0D18871BF1362A0034FDC1 /* POPAnimationTracer.mm in Sources */,
				FD0D18881BF1362A0034FDC1 /* POPAnimator.mm in Sources */,
				FD5F09461C0B572700737225 /* UserInfoCell.m in Sources */,
				FD3DFD291BF6B0E300E93192 /* ContactListViewController.m in Sources */,
				FD32C94D1BD7A8EC0098E0DF /* DismissingAnimationController.m in Sources */,
				FD71D1C61BCCE6530056EA7F /* main.m in Sources */,
			);
			runOnlyForDeploymentPostprocessing = 0;
		};
		FD71D1D61BCCE6530056EA7F /* Sources */ = {
			isa = PBXSourcesBuildPhase;
			buildActionMask = 2147483647;
			files = (
				FD71D1DF1BCCE6530056EA7F /* New_Video_Chat_ProjectTests.m in Sources */,
			);
			runOnlyForDeploymentPostprocessing = 0;
		};
		FD71D1E11BCCE6530056EA7F /* Sources */ = {
			isa = PBXSourcesBuildPhase;
			buildActionMask = 2147483647;
			files = (
				FD71D1EA1BCCE6530056EA7F /* New_Video_Chat_ProjectUITests.m in Sources */,
			);
			runOnlyForDeploymentPostprocessing = 0;
		};
/* End PBXSourcesBuildPhase section */

/* Begin PBXTargetDependency section */
		FD71D1DC1BCCE6530056EA7F /* PBXTargetDependency */ = {
			isa = PBXTargetDependency;
			target = FD71D1C01BCCE6530056EA7F /* New Video Chat Project */;
			targetProxy = FD71D1DB1BCCE6530056EA7F /* PBXContainerItemProxy */;
		};
		FD71D1E71BCCE6530056EA7F /* PBXTargetDependency */ = {
			isa = PBXTargetDependency;
			target = FD71D1C01BCCE6530056EA7F /* New Video Chat Project */;
			targetProxy = FD71D1E61BCCE6530056EA7F /* PBXContainerItemProxy */;
		};
/* End PBXTargetDependency section */

/* Begin PBXVariantGroup section */
		FD71D1CD1BCCE6530056EA7F /* Main.storyboard */ = {
			isa = PBXVariantGroup;
			children = (
				FD71D1CE1BCCE6530056EA7F /* Base */,
			);
			name = Main.storyboard;
			sourceTree = "<group>";
		};
		FD71D1D21BCCE6530056EA7F /* LaunchScreen.storyboard */ = {
			isa = PBXVariantGroup;
			children = (
				FD71D1D31BCCE6530056EA7F /* Base */,
			);
			name = LaunchScreen.storyboard;
			sourceTree = "<group>";
		};
/* End PBXVariantGroup section */

/* Begin XCBuildConfiguration section */
		FD71D1EC1BCCE6530056EA7F /* Debug */ = {
			isa = XCBuildConfiguration;
			buildSettings = {
				ALWAYS_SEARCH_USER_PATHS = NO;
				CLANG_CXX_LANGUAGE_STANDARD = "gnu++0x";
				CLANG_CXX_LIBRARY = "libc++";
				CLANG_ENABLE_MODULES = YES;
				CLANG_ENABLE_OBJC_ARC = YES;
				CLANG_WARN_BOOL_CONVERSION = YES;
				CLANG_WARN_CONSTANT_CONVERSION = YES;
				CLANG_WARN_DIRECT_OBJC_ISA_USAGE = YES_ERROR;
				CLANG_WARN_EMPTY_BODY = YES;
				CLANG_WARN_ENUM_CONVERSION = YES;
				CLANG_WARN_INT_CONVERSION = YES;
				CLANG_WARN_OBJC_ROOT_CLASS = YES_ERROR;
				CLANG_WARN_UNREACHABLE_CODE = YES;
				CLANG_WARN__DUPLICATE_METHOD_MATCH = YES;
				CODE_SIGN_IDENTITY = "";
				"CODE_SIGN_IDENTITY[sdk=iphoneos*]" = "iPhone Developer";
				COPY_PHASE_STRIP = NO;
				DEBUG_INFORMATION_FORMAT = dwarf;
				ENABLE_STRICT_OBJC_MSGSEND = YES;
				ENABLE_TESTABILITY = YES;
				GCC_C_LANGUAGE_STANDARD = gnu99;
				GCC_DYNAMIC_NO_PIC = NO;
				GCC_NO_COMMON_BLOCKS = YES;
				GCC_OPTIMIZATION_LEVEL = 0;
				GCC_PREPROCESSOR_DEFINITIONS = (
					"DEBUG=1",
					"$(inherited)",
				);
				GCC_WARN_64_TO_32_BIT_CONVERSION = YES;
				GCC_WARN_ABOUT_RETURN_TYPE = YES_ERROR;
				GCC_WARN_UNDECLARED_SELECTOR = YES;
				GCC_WARN_UNINITIALIZED_AUTOS = YES_AGGRESSIVE;
				GCC_WARN_UNUSED_FUNCTION = YES;
				GCC_WARN_UNUSED_VARIABLE = YES;
				IPHONEOS_DEPLOYMENT_TARGET = 9.0;
				MTL_ENABLE_DEBUG_INFO = YES;
				ONLY_ACTIVE_ARCH = YES;
				SDKROOT = iphoneos;
			};
			name = Debug;
		};
		FD71D1ED1BCCE6530056EA7F /* Release */ = {
			isa = XCBuildConfiguration;
			buildSettings = {
				ALWAYS_SEARCH_USER_PATHS = NO;
				CLANG_CXX_LANGUAGE_STANDARD = "gnu++0x";
				CLANG_CXX_LIBRARY = "libc++";
				CLANG_ENABLE_MODULES = YES;
				CLANG_ENABLE_OBJC_ARC = YES;
				CLANG_WARN_BOOL_CONVERSION = YES;
				CLANG_WARN_CONSTANT_CONVERSION = YES;
				CLANG_WARN_DIRECT_OBJC_ISA_USAGE = YES_ERROR;
				CLANG_WARN_EMPTY_BODY = YES;
				CLANG_WARN_ENUM_CONVERSION = YES;
				CLANG_WARN_INT_CONVERSION = YES;
				CLANG_WARN_OBJC_ROOT_CLASS = YES_ERROR;
				CLANG_WARN_UNREACHABLE_CODE = YES;
				CLANG_WARN__DUPLICATE_METHOD_MATCH = YES;
				CODE_SIGN_IDENTITY = "";
				"CODE_SIGN_IDENTITY[sdk=iphoneos*]" = "iPhone Distribution";
				COPY_PHASE_STRIP = NO;
				DEBUG_INFORMATION_FORMAT = "dwarf-with-dsym";
				ENABLE_NS_ASSERTIONS = NO;
				ENABLE_STRICT_OBJC_MSGSEND = YES;
				GCC_C_LANGUAGE_STANDARD = gnu99;
				GCC_NO_COMMON_BLOCKS = YES;
				GCC_WARN_64_TO_32_BIT_CONVERSION = YES;
				GCC_WARN_ABOUT_RETURN_TYPE = YES_ERROR;
				GCC_WARN_UNDECLARED_SELECTOR = YES;
				GCC_WARN_UNINITIALIZED_AUTOS = YES_AGGRESSIVE;
				GCC_WARN_UNUSED_FUNCTION = YES;
				GCC_WARN_UNUSED_VARIABLE = YES;
				IPHONEOS_DEPLOYMENT_TARGET = 9.0;
				MTL_ENABLE_DEBUG_INFO = NO;
				SDKROOT = iphoneos;
				VALIDATE_PRODUCT = YES;
			};
			name = Release;
		};
		FD71D1EF1BCCE6530056EA7F /* Debug */ = {
			isa = XCBuildConfiguration;
			baseConfigurationReference = 6321B8E4EB3EA1A3AEE14DD4 /* Pods-New Video Chat Project.debug.xcconfig */;
			buildSettings = {
				ASSETCATALOG_COMPILER_APPICON_NAME = AppIcon;
				ASSETCATALOG_COMPILER_LAUNCHIMAGE_NAME = BrandAsset;
				CLANG_ENABLE_MODULES = YES;
				CODE_SIGN_IDENTITY = "iPhone Developer";
				"CODE_SIGN_IDENTITY[sdk=iphoneos*]" = "iPhone Developer";
				ENABLE_BITCODE = NO;
				FRAMEWORK_SEARCH_PATHS = (
					"$(inherited)",
					"$(PROJECT_DIR)",
					"$(PROJECT_DIR)/New",
					Video,
					Chat,
					Project,
					"@executable_path/Frameworks",
				);
				INFOPLIST_FILE = "New Video Chat Project/Info.plist";
				IPHONEOS_DEPLOYMENT_TARGET = 9.0;
				LD_RUNPATH_SEARCH_PATHS = "$(inherited) @executable_path/Frameworks";
				OTHER_LDFLAGS = (
					"-all_load",
					"$(inherited)",
				);
				PRODUCT_BUNDLE_IDENTIFIER = "kgzteam.New-Video-Chat-Project";
				PRODUCT_NAME = "$(TARGET_NAME)";
				PROVISIONING_PROFILE = "";
				SWIFT_OBJC_BRIDGING_HEADER = "New Video Chat Project-Bridging-Header.h";
				SWIFT_OPTIMIZATION_LEVEL = "-Onone";
				TARGETED_DEVICE_FAMILY = "1,2";
			};
			name = Debug;
		};
		FD71D1F01BCCE6530056EA7F /* Release */ = {
			isa = XCBuildConfiguration;
			baseConfigurationReference = D502ED263FA04957F5B13054 /* Pods-New Video Chat Project.release.xcconfig */;
			buildSettings = {
				ASSETCATALOG_COMPILER_APPICON_NAME = AppIcon;
				ASSETCATALOG_COMPILER_LAUNCHIMAGE_NAME = BrandAsset;
				CLANG_ENABLE_MODULES = YES;
				CODE_SIGN_IDENTITY = "iPhone Distribution: Edil Ashimov (LX84G6PTJX)";
				ENABLE_BITCODE = NO;
				FRAMEWORK_SEARCH_PATHS = (
					"$(inherited)",
					"$(PROJECT_DIR)",
					"$(PROJECT_DIR)/New",
					Video,
					Chat,
					Project,
					"@executable_path/Frameworks",
				);
				INFOPLIST_FILE = "New Video Chat Project/Info.plist";
				IPHONEOS_DEPLOYMENT_TARGET = 9.0;
				LD_RUNPATH_SEARCH_PATHS = "$(inherited) @executable_path/Frameworks";
				OTHER_LDFLAGS = (
					"-all_load",
					"$(inherited)",
				);
				PRODUCT_BUNDLE_IDENTIFIER = "kgzteam.New-Video-Chat-Project";
				PRODUCT_NAME = "$(TARGET_NAME)";
				PROVISIONING_PROFILE = "29a931fe-1145-4fab-a150-927fb1ce4f8e";
				SWIFT_OBJC_BRIDGING_HEADER = "New Video Chat Project-Bridging-Header.h";
				TARGETED_DEVICE_FAMILY = "1,2";
			};
			name = Release;
		};
		FD71D1F21BCCE6530056EA7F /* Debug */ = {
			isa = XCBuildConfiguration;
			buildSettings = {
				BUNDLE_LOADER = "$(TEST_HOST)";
				INFOPLIST_FILE = "New Video Chat ProjectTests/Info.plist";
				LD_RUNPATH_SEARCH_PATHS = "$(inherited) @executable_path/Frameworks @loader_path/Frameworks";
				PRODUCT_BUNDLE_IDENTIFIER = "kgzteam.New-Video-Chat-ProjectTests";
				PRODUCT_NAME = "$(TARGET_NAME)";
				TEST_HOST = "$(BUILT_PRODUCTS_DIR)/New Video Chat Project.app/New Video Chat Project";
			};
			name = Debug;
		};
		FD71D1F31BCCE6530056EA7F /* Release */ = {
			isa = XCBuildConfiguration;
			buildSettings = {
				BUNDLE_LOADER = "$(TEST_HOST)";
				INFOPLIST_FILE = "New Video Chat ProjectTests/Info.plist";
				LD_RUNPATH_SEARCH_PATHS = "$(inherited) @executable_path/Frameworks @loader_path/Frameworks";
				PRODUCT_BUNDLE_IDENTIFIER = "kgzteam.New-Video-Chat-ProjectTests";
				PRODUCT_NAME = "$(TARGET_NAME)";
				TEST_HOST = "$(BUILT_PRODUCTS_DIR)/New Video Chat Project.app/New Video Chat Project";
			};
			name = Release;
		};
		FD71D1F51BCCE6530056EA7F /* Debug */ = {
			isa = XCBuildConfiguration;
			buildSettings = {
				INFOPLIST_FILE = "New Video Chat ProjectUITests/Info.plist";
				LD_RUNPATH_SEARCH_PATHS = "$(inherited) @executable_path/Frameworks @loader_path/Frameworks";
				PRODUCT_BUNDLE_IDENTIFIER = "kgzteam.New-Video-Chat-ProjectUITests";
				PRODUCT_NAME = "$(TARGET_NAME)";
				TEST_TARGET_NAME = "New Video Chat Project";
				USES_XCTRUNNER = YES;
			};
			name = Debug;
		};
		FD71D1F61BCCE6530056EA7F /* Release */ = {
			isa = XCBuildConfiguration;
			buildSettings = {
				INFOPLIST_FILE = "New Video Chat ProjectUITests/Info.plist";
				LD_RUNPATH_SEARCH_PATHS = "$(inherited) @executable_path/Frameworks @loader_path/Frameworks";
				PRODUCT_BUNDLE_IDENTIFIER = "kgzteam.New-Video-Chat-ProjectUITests";
				PRODUCT_NAME = "$(TARGET_NAME)";
				TEST_TARGET_NAME = "New Video Chat Project";
				USES_XCTRUNNER = YES;
			};
			name = Release;
		};
/* End XCBuildConfiguration section */

/* Begin XCConfigurationList section */
		FD71D1BC1BCCE6530056EA7F /* Build configuration list for PBXProject "New Video Chat Project" */ = {
			isa = XCConfigurationList;
			buildConfigurations = (
				FD71D1EC1BCCE6530056EA7F /* Debug */,
				FD71D1ED1BCCE6530056EA7F /* Release */,
			);
			defaultConfigurationIsVisible = 0;
			defaultConfigurationName = Release;
		};
		FD71D1EE1BCCE6530056EA7F /* Build configuration list for PBXNativeTarget "New Video Chat Project" */ = {
			isa = XCConfigurationList;
			buildConfigurations = (
				FD71D1EF1BCCE6530056EA7F /* Debug */,
				FD71D1F01BCCE6530056EA7F /* Release */,
			);
			defaultConfigurationIsVisible = 0;
			defaultConfigurationName = Release;
		};
		FD71D1F11BCCE6530056EA7F /* Build configuration list for PBXNativeTarget "New Video Chat ProjectTests" */ = {
			isa = XCConfigurationList;
			buildConfigurations = (
				FD71D1F21BCCE6530056EA7F /* Debug */,
				FD71D1F31BCCE6530056EA7F /* Release */,
			);
			defaultConfigurationIsVisible = 0;
			defaultConfigurationName = Release;
		};
		FD71D1F41BCCE6530056EA7F /* Build configuration list for PBXNativeTarget "New Video Chat ProjectUITests" */ = {
			isa = XCConfigurationList;
			buildConfigurations = (
				FD71D1F51BCCE6530056EA7F /* Debug */,
				FD71D1F61BCCE6530056EA7F /* Release */,
			);
			defaultConfigurationIsVisible = 0;
			defaultConfigurationName = Release;
		};
/* End XCConfigurationList section */
	};
	rootObject = FD71D1B91BCCE6530056EA7F /* Project object */;
}
